
Microsoft Visual Studio Solution File, Format Version 12.00
# Visual Studio 14
VisualStudioVersion = 14.0.25420.1
MinimumVisualStudioVersion = 10.0.40219.1
Project("{2150E333-8FDC-42A3-9474-1A3956D46DE8}") = "Test", "Test", "{C7948DAD-5DDA-4DB9-B6F4-AC184A6810D4}"
EndProject
Project("{8BC9CEB8-8B4A-11D0-8D11-00A0C91BC942}") = "Ai", "Ai\Ai.vcxproj", "{686333C7-D2BF-44E5-9287-0508BB1CEF9B}"
EndProject
Project("{8BC9CEB8-8B4A-11D0-8D11-00A0C91BC942}") = "AiTest", "AiTest\AiTest.vcxproj", "{050EE2EA-4A43-41B3-8BCE-E1E9A2C38004}"
EndProject
Project("{F088123C-0E9E-452A-89E6-6BA2F21D5CAC}") = "NN", "NN\NN.modelproj", "{4A36C517-A001-4E65-8CCD-15C251525A17}"
EndProject
Project("{8BC9CEB8-8B4A-11D0-8D11-00A0C91BC942}") = "Emit", "Emit\Emit.vcxproj", "{D525B600-EA4D-45FA-9930-9363BEC7A90A}"
EndProject
Project("{8BC9CEB8-8B4A-11D0-8D11-00A0C91BC942}") = "EmitTest", "EmitTest\EmitTest.vcxproj", "{021599BD-30B1-42C9-8447-9BA3A7E4FE64}"
EndProject
Project("{8BC9CEB8-8B4A-11D0-8D11-00A0C91BC942}") = "Lua", "Lua\Lua.vcxproj", "{0E614277-8E9B-47D1-A7F8-C20E4E8EA088}"
EndProject
Project("{8BC9CEB8-8B4A-11D0-8D11-00A0C91BC942}") = "LuaCpp", "LuaCpp\LuaCpp.vcxproj", "{E2F60585-5C8C-444C-BA8D-0703241BE4C0}"
EndProject
Project("{8BC9CEB8-8B4A-11D0-8D11-00A0C91BC942}") = "LuaCppTest", "LuaCppTest\LuaCppTest.vcxproj", "{4301BD5B-8FFF-4E08-A652-802FCF4FB9E0}"
EndProject
Project("{8BC9CEB8-8B4A-11D0-8D11-00A0C91BC942}") = "Net", "Net\Net.vcxproj", "{CCD547B6-ECDE-40DD-9C08-B4A705AD7C21}"
EndProject
Project("{FAE04EC0-301F-11D3-BF4B-00C04F79EFBC}") = "CmdTest", "CmdTest\CmdTest.csproj", "{63F62FA2-0A2A-4D89-86AA-213A9C25E09E}"
	ProjectSection(ProjectDependencies) = postProject
		{1D0006C9-0129-401B-B96D-E52023E32AB4} = {1D0006C9-0129-401B-B96D-E52023E32AB4}
	EndProjectSection
EndProject
Project("{FAE04EC0-301F-11D3-BF4B-00C04F79EFBC}") = "CmdAddons", "CmdAddons\CmdAddons.csproj", "{1D0006C9-0129-401B-B96D-E52023E32AB4}"
EndProject
Project("{FAE04EC0-301F-11D3-BF4B-00C04F79EFBC}") = "CmdCore", "CmdCore\CmdCore.csproj", "{BF750DA4-6FC5-427E-A7B8-C305078C5D4C}"
EndProject
Project("{8BC9CEB8-8B4A-11D0-8D11-00A0C91BC942}") = "S5", "S5\S5.vcxproj", "{7E3C8621-3D3C-4FD5-9261-3CDFA9E2102A}"
EndProject
Global
	GlobalSection(SolutionConfigurationPlatforms) = preSolution
		Debug|Any CPU = Debug|Any CPU
		Debug|ARM = Debug|ARM
		Debug|x64 = Debug|x64
		Debug|x86 = Debug|x86
		DebugKopiLua|Any CPU = DebugKopiLua|Any CPU
		DebugKopiLua|ARM = DebugKopiLua|ARM
		DebugKopiLua|x64 = DebugKopiLua|x64
		DebugKopiLua|x86 = DebugKopiLua|x86
		Release|Any CPU = Release|Any CPU
		Release|ARM = Release|ARM
		Release|x64 = Release|x64
		Release|x86 = Release|x86
		ReleaseKopiLua|Any CPU = ReleaseKopiLua|Any CPU
		ReleaseKopiLua|ARM = ReleaseKopiLua|ARM
		ReleaseKopiLua|x64 = ReleaseKopiLua|x64
		ReleaseKopiLua|x86 = ReleaseKopiLua|x86
	EndGlobalSection
	GlobalSection(ProjectConfigurationPlatforms) = postSolution
		{686333C7-D2BF-44E5-9287-0508BB1CEF9B}.Debug|Any CPU.ActiveCfg = Debug|Win32
		{686333C7-D2BF-44E5-9287-0508BB1CEF9B}.Debug|ARM.ActiveCfg = Debug|Win32
		{686333C7-D2BF-44E5-9287-0508BB1CEF9B}.Debug|x64.ActiveCfg = Debug|x64
		{686333C7-D2BF-44E5-9287-0508BB1CEF9B}.Debug|x64.Build.0 = Debug|x64
		{686333C7-D2BF-44E5-9287-0508BB1CEF9B}.Debug|x86.ActiveCfg = Debug|Win32
		{686333C7-D2BF-44E5-9287-0508BB1CEF9B}.Debug|x86.Build.0 = Debug|Win32
		{686333C7-D2BF-44E5-9287-0508BB1CEF9B}.DebugKopiLua|Any CPU.ActiveCfg = Release|x64
		{686333C7-D2BF-44E5-9287-0508BB1CEF9B}.DebugKopiLua|Any CPU.Build.0 = Release|x64
		{686333C7-D2BF-44E5-9287-0508BB1CEF9B}.DebugKopiLua|ARM.ActiveCfg = Release|Win32
		{686333C7-D2BF-44E5-9287-0508BB1CEF9B}.DebugKopiLua|ARM.Build.0 = Release|Win32
		{686333C7-D2BF-44E5-9287-0508BB1CEF9B}.DebugKopiLua|x64.ActiveCfg = Debug|x64
		{686333C7-D2BF-44E5-9287-0508BB1CEF9B}.DebugKopiLua|x64.Build.0 = Debug|x64
		{686333C7-D2BF-44E5-9287-0508BB1CEF9B}.DebugKopiLua|x86.ActiveCfg = Debug|Win32
		{686333C7-D2BF-44E5-9287-0508BB1CEF9B}.DebugKopiLua|x86.Build.0 = Debug|Win32
		{686333C7-D2BF-44E5-9287-0508BB1CEF9B}.Release|Any CPU.ActiveCfg = Release|Win32
		{686333C7-D2BF-44E5-9287-0508BB1CEF9B}.Release|ARM.ActiveCfg = Release|Win32
		{686333C7-D2BF-44E5-9287-0508BB1CEF9B}.Release|x64.ActiveCfg = Release|x64
		{686333C7-D2BF-44E5-9287-0508BB1CEF9B}.Release|x64.Build.0 = Release|x64
		{686333C7-D2BF-44E5-9287-0508BB1CEF9B}.Release|x86.ActiveCfg = Release|Win32
		{686333C7-D2BF-44E5-9287-0508BB1CEF9B}.Release|x86.Build.0 = Release|Win32
		{686333C7-D2BF-44E5-9287-0508BB1CEF9B}.ReleaseKopiLua|Any CPU.ActiveCfg = Release|x64
		{686333C7-D2BF-44E5-9287-0508BB1CEF9B}.ReleaseKopiLua|Any CPU.Build.0 = Release|x64
		{686333C7-D2BF-44E5-9287-0508BB1CEF9B}.ReleaseKopiLua|ARM.ActiveCfg = Release|Win32
		{686333C7-D2BF-44E5-9287-0508BB1CEF9B}.ReleaseKopiLua|ARM.Build.0 = Release|Win32
		{686333C7-D2BF-44E5-9287-0508BB1CEF9B}.ReleaseKopiLua|x64.ActiveCfg = Release|x64
		{686333C7-D2BF-44E5-9287-0508BB1CEF9B}.ReleaseKopiLua|x64.Build.0 = Release|x64
		{686333C7-D2BF-44E5-9287-0508BB1CEF9B}.ReleaseKopiLua|x86.ActiveCfg = Release|Win32
		{686333C7-D2BF-44E5-9287-0508BB1CEF9B}.ReleaseKopiLua|x86.Build.0 = Release|Win32
		{050EE2EA-4A43-41B3-8BCE-E1E9A2C38004}.Debug|Any CPU.ActiveCfg = Debug|Win32
		{050EE2EA-4A43-41B3-8BCE-E1E9A2C38004}.Debug|ARM.ActiveCfg = Debug|Win32
		{050EE2EA-4A43-41B3-8BCE-E1E9A2C38004}.Debug|x64.ActiveCfg = Debug|x64
		{050EE2EA-4A43-41B3-8BCE-E1E9A2C38004}.Debug|x64.Build.0 = Debug|x64
		{050EE2EA-4A43-41B3-8BCE-E1E9A2C38004}.Debug|x86.ActiveCfg = Debug|Win32
		{050EE2EA-4A43-41B3-8BCE-E1E9A2C38004}.Debug|x86.Build.0 = Debug|Win32
		{050EE2EA-4A43-41B3-8BCE-E1E9A2C38004}.DebugKopiLua|Any CPU.ActiveCfg = Release|x64
		{050EE2EA-4A43-41B3-8BCE-E1E9A2C38004}.DebugKopiLua|Any CPU.Build.0 = Release|x64
		{050EE2EA-4A43-41B3-8BCE-E1E9A2C38004}.DebugKopiLua|ARM.ActiveCfg = Release|Win32
		{050EE2EA-4A43-41B3-8BCE-E1E9A2C38004}.DebugKopiLua|ARM.Build.0 = Release|Win32
		{050EE2EA-4A43-41B3-8BCE-E1E9A2C38004}.DebugKopiLua|x64.ActiveCfg = Debug|x64
		{050EE2EA-4A43-41B3-8BCE-E1E9A2C38004}.DebugKopiLua|x64.Build.0 = Debug|x64
		{050EE2EA-4A43-41B3-8BCE-E1E9A2C38004}.DebugKopiLua|x86.ActiveCfg = Debug|Win32
		{050EE2EA-4A43-41B3-8BCE-E1E9A2C38004}.DebugKopiLua|x86.Build.0 = Debug|Win32
		{050EE2EA-4A43-41B3-8BCE-E1E9A2C38004}.Release|Any CPU.ActiveCfg = Release|Win32
		{050EE2EA-4A43-41B3-8BCE-E1E9A2C38004}.Release|ARM.ActiveCfg = Release|Win32
		{050EE2EA-4A43-41B3-8BCE-E1E9A2C38004}.Release|x64.ActiveCfg = Release|x64
		{050EE2EA-4A43-41B3-8BCE-E1E9A2C38004}.Release|x64.Build.0 = Release|x64
		{050EE2EA-4A43-41B3-8BCE-E1E9A2C38004}.Release|x86.ActiveCfg = Release|Win32
		{050EE2EA-4A43-41B3-8BCE-E1E9A2C38004}.Release|x86.Build.0 = Release|Win32
		{050EE2EA-4A43-41B3-8BCE-E1E9A2C38004}.ReleaseKopiLua|Any CPU.ActiveCfg = Release|x64
		{050EE2EA-4A43-41B3-8BCE-E1E9A2C38004}.ReleaseKopiLua|Any CPU.Build.0 = Release|x64
		{050EE2EA-4A43-41B3-8BCE-E1E9A2C38004}.ReleaseKopiLua|ARM.ActiveCfg = Release|Win32
		{050EE2EA-4A43-41B3-8BCE-E1E9A2C38004}.ReleaseKopiLua|ARM.Build.0 = Release|Win32
		{050EE2EA-4A43-41B3-8BCE-E1E9A2C38004}.ReleaseKopiLua|x64.ActiveCfg = Release|x64
		{050EE2EA-4A43-41B3-8BCE-E1E9A2C38004}.ReleaseKopiLua|x64.Build.0 = Release|x64
		{050EE2EA-4A43-41B3-8BCE-E1E9A2C38004}.ReleaseKopiLua|x86.ActiveCfg = Release|Win32
		{050EE2EA-4A43-41B3-8BCE-E1E9A2C38004}.ReleaseKopiLua|x86.Build.0 = Release|Win32
		{4A36C517-A001-4E65-8CCD-15C251525A17}.Debug|Any CPU.ActiveCfg = Debug|Any CPU
		{4A36C517-A001-4E65-8CCD-15C251525A17}.Debug|Any CPU.Build.0 = Debug|Any CPU
		{4A36C517-A001-4E65-8CCD-15C251525A17}.Debug|ARM.ActiveCfg = Debug|Any CPU
		{4A36C517-A001-4E65-8CCD-15C251525A17}.Debug|ARM.Build.0 = Debug|Any CPU
		{4A36C517-A001-4E65-8CCD-15C251525A17}.Debug|x64.ActiveCfg = Debug|Any CPU
		{4A36C517-A001-4E65-8CCD-15C251525A17}.Debug|x64.Build.0 = Debug|Any CPU
		{4A36C517-A001-4E65-8CCD-15C251525A17}.Debug|x86.ActiveCfg = Debug|Any CPU
		{4A36C517-A001-4E65-8CCD-15C251525A17}.Debug|x86.Build.0 = Debug|Any CPU
		{4A36C517-A001-4E65-8CCD-15C251525A17}.DebugKopiLua|Any CPU.ActiveCfg = Debug|Any CPU
		{4A36C517-A001-4E65-8CCD-15C251525A17}.DebugKopiLua|Any CPU.Build.0 = Debug|Any CPU
		{4A36C517-A001-4E65-8CCD-15C251525A17}.DebugKopiLua|ARM.ActiveCfg = Debug|Any CPU
		{4A36C517-A001-4E65-8CCD-15C251525A17}.DebugKopiLua|ARM.Build.0 = Debug|Any CPU
		{4A36C517-A001-4E65-8CCD-15C251525A17}.DebugKopiLua|x64.ActiveCfg = Debug|Any CPU
		{4A36C517-A001-4E65-8CCD-15C251525A17}.DebugKopiLua|x64.Build.0 = Debug|Any CPU
		{4A36C517-A001-4E65-8CCD-15C251525A17}.DebugKopiLua|x86.ActiveCfg = Debug|Any CPU
		{4A36C517-A001-4E65-8CCD-15C251525A17}.DebugKopiLua|x86.Build.0 = Debug|Any CPU
		{4A36C517-A001-4E65-8CCD-15C251525A17}.Release|Any CPU.ActiveCfg = Release|Any CPU
		{4A36C517-A001-4E65-8CCD-15C251525A17}.Release|Any CPU.Build.0 = Release|Any CPU
		{4A36C517-A001-4E65-8CCD-15C251525A17}.Release|ARM.ActiveCfg = Release|Any CPU
		{4A36C517-A001-4E65-8CCD-15C251525A17}.Release|ARM.Build.0 = Release|Any CPU
		{4A36C517-A001-4E65-8CCD-15C251525A17}.Release|x64.ActiveCfg = Release|Any CPU
		{4A36C517-A001-4E65-8CCD-15C251525A17}.Release|x64.Build.0 = Release|Any CPU
		{4A36C517-A001-4E65-8CCD-15C251525A17}.Release|x86.ActiveCfg = Release|Any CPU
		{4A36C517-A001-4E65-8CCD-15C251525A17}.Release|x86.Build.0 = Release|Any CPU
		{4A36C517-A001-4E65-8CCD-15C251525A17}.ReleaseKopiLua|Any CPU.ActiveCfg = Release|Any CPU
		{4A36C517-A001-4E65-8CCD-15C251525A17}.ReleaseKopiLua|Any CPU.Build.0 = Release|Any CPU
		{4A36C517-A001-4E65-8CCD-15C251525A17}.ReleaseKopiLua|ARM.ActiveCfg = Release|Any CPU
		{4A36C517-A001-4E65-8CCD-15C251525A17}.ReleaseKopiLua|ARM.Build.0 = Release|Any CPU
		{4A36C517-A001-4E65-8CCD-15C251525A17}.ReleaseKopiLua|x64.ActiveCfg = Release|Any CPU
		{4A36C517-A001-4E65-8CCD-15C251525A17}.ReleaseKopiLua|x64.Build.0 = Release|Any CPU
		{4A36C517-A001-4E65-8CCD-15C251525A17}.ReleaseKopiLua|x86.ActiveCfg = Release|Any CPU
		{4A36C517-A001-4E65-8CCD-15C251525A17}.ReleaseKopiLua|x86.Build.0 = Release|Any CPU
		{D525B600-EA4D-45FA-9930-9363BEC7A90A}.Debug|Any CPU.ActiveCfg = Debug|Win32
		{D525B600-EA4D-45FA-9930-9363BEC7A90A}.Debug|ARM.ActiveCfg = Debug|Win32
		{D525B600-EA4D-45FA-9930-9363BEC7A90A}.Debug|x64.ActiveCfg = Debug|x64
		{D525B600-EA4D-45FA-9930-9363BEC7A90A}.Debug|x64.Build.0 = Debug|x64
		{D525B600-EA4D-45FA-9930-9363BEC7A90A}.Debug|x86.ActiveCfg = Debug|Win32
		{D525B600-EA4D-45FA-9930-9363BEC7A90A}.Debug|x86.Build.0 = Debug|Win32
		{D525B600-EA4D-45FA-9930-9363BEC7A90A}.DebugKopiLua|Any CPU.ActiveCfg = Release|x64
		{D525B600-EA4D-45FA-9930-9363BEC7A90A}.DebugKopiLua|Any CPU.Build.0 = Release|x64
		{D525B600-EA4D-45FA-9930-9363BEC7A90A}.DebugKopiLua|ARM.ActiveCfg = Release|Win32
		{D525B600-EA4D-45FA-9930-9363BEC7A90A}.DebugKopiLua|ARM.Build.0 = Release|Win32
		{D525B600-EA4D-45FA-9930-9363BEC7A90A}.DebugKopiLua|x64.ActiveCfg = Debug|x64
		{D525B600-EA4D-45FA-9930-9363BEC7A90A}.DebugKopiLua|x64.Build.0 = Debug|x64
		{D525B600-EA4D-45FA-9930-9363BEC7A90A}.DebugKopiLua|x86.ActiveCfg = Debug|Win32
		{D525B600-EA4D-45FA-9930-9363BEC7A90A}.DebugKopiLua|x86.Build.0 = Debug|Win32
		{D525B600-EA4D-45FA-9930-9363BEC7A90A}.Release|Any CPU.ActiveCfg = Release|Win32
		{D525B600-EA4D-45FA-9930-9363BEC7A90A}.Release|ARM.ActiveCfg = Release|Win32
		{D525B600-EA4D-45FA-9930-9363BEC7A90A}.Release|x64.ActiveCfg = Release|x64
		{D525B600-EA4D-45FA-9930-9363BEC7A90A}.Release|x64.Build.0 = Release|x64
		{D525B600-EA4D-45FA-9930-9363BEC7A90A}.Release|x86.ActiveCfg = Release|Win32
		{D525B600-EA4D-45FA-9930-9363BEC7A90A}.Release|x86.Build.0 = Release|Win32
		{D525B600-EA4D-45FA-9930-9363BEC7A90A}.ReleaseKopiLua|Any CPU.ActiveCfg = Release|x64
		{D525B600-EA4D-45FA-9930-9363BEC7A90A}.ReleaseKopiLua|Any CPU.Build.0 = Release|x64
		{D525B600-EA4D-45FA-9930-9363BEC7A90A}.ReleaseKopiLua|ARM.ActiveCfg = Release|Win32
		{D525B600-EA4D-45FA-9930-9363BEC7A90A}.ReleaseKopiLua|ARM.Build.0 = Release|Win32
		{D525B600-EA4D-45FA-9930-9363BEC7A90A}.ReleaseKopiLua|x64.ActiveCfg = Release|x64
		{D525B600-EA4D-45FA-9930-9363BEC7A90A}.ReleaseKopiLua|x64.Build.0 = Release|x64
		{D525B600-EA4D-45FA-9930-9363BEC7A90A}.ReleaseKopiLua|x86.ActiveCfg = Release|Win32
		{D525B600-EA4D-45FA-9930-9363BEC7A90A}.ReleaseKopiLua|x86.Build.0 = Release|Win32
		{021599BD-30B1-42C9-8447-9BA3A7E4FE64}.Debug|Any CPU.ActiveCfg = Debug|Win32
		{021599BD-30B1-42C9-8447-9BA3A7E4FE64}.Debug|ARM.ActiveCfg = Debug|Win32
		{021599BD-30B1-42C9-8447-9BA3A7E4FE64}.Debug|x64.ActiveCfg = Debug|x64
		{021599BD-30B1-42C9-8447-9BA3A7E4FE64}.Debug|x64.Build.0 = Debug|x64
		{021599BD-30B1-42C9-8447-9BA3A7E4FE64}.Debug|x86.ActiveCfg = Debug|Win32
		{021599BD-30B1-42C9-8447-9BA3A7E4FE64}.Debug|x86.Build.0 = Debug|Win32
		{021599BD-30B1-42C9-8447-9BA3A7E4FE64}.DebugKopiLua|Any CPU.ActiveCfg = Release|x64
		{021599BD-30B1-42C9-8447-9BA3A7E4FE64}.DebugKopiLua|Any CPU.Build.0 = Release|x64
		{021599BD-30B1-42C9-8447-9BA3A7E4FE64}.DebugKopiLua|ARM.ActiveCfg = Release|Win32
		{021599BD-30B1-42C9-8447-9BA3A7E4FE64}.DebugKopiLua|ARM.Build.0 = Release|Win32
		{021599BD-30B1-42C9-8447-9BA3A7E4FE64}.DebugKopiLua|x64.ActiveCfg = Debug|x64
		{021599BD-30B1-42C9-8447-9BA3A7E4FE64}.DebugKopiLua|x64.Build.0 = Debug|x64
		{021599BD-30B1-42C9-8447-9BA3A7E4FE64}.DebugKopiLua|x86.ActiveCfg = Debug|Win32
		{021599BD-30B1-42C9-8447-9BA3A7E4FE64}.DebugKopiLua|x86.Build.0 = Debug|Win32
		{021599BD-30B1-42C9-8447-9BA3A7E4FE64}.Release|Any CPU.ActiveCfg = Release|Win32
		{021599BD-30B1-42C9-8447-9BA3A7E4FE64}.Release|ARM.ActiveCfg = Release|Win32
		{021599BD-30B1-42C9-8447-9BA3A7E4FE64}.Release|x64.ActiveCfg = Release|x64
		{021599BD-30B1-42C9-8447-9BA3A7E4FE64}.Release|x64.Build.0 = Release|x64
		{021599BD-30B1-42C9-8447-9BA3A7E4FE64}.Release|x86.ActiveCfg = Release|Win32
		{021599BD-30B1-42C9-8447-9BA3A7E4FE64}.Release|x86.Build.0 = Release|Win32
		{021599BD-30B1-42C9-8447-9BA3A7E4FE64}.ReleaseKopiLua|Any CPU.ActiveCfg = Release|x64
		{021599BD-30B1-42C9-8447-9BA3A7E4FE64}.ReleaseKopiLua|Any CPU.Build.0 = Release|x64
		{021599BD-30B1-42C9-8447-9BA3A7E4FE64}.ReleaseKopiLua|ARM.ActiveCfg = Release|Win32
		{021599BD-30B1-42C9-8447-9BA3A7E4FE64}.ReleaseKopiLua|ARM.Build.0 = Release|Win32
		{021599BD-30B1-42C9-8447-9BA3A7E4FE64}.ReleaseKopiLua|x64.ActiveCfg = Release|x64
		{021599BD-30B1-42C9-8447-9BA3A7E4FE64}.ReleaseKopiLua|x64.Build.0 = Release|x64
		{021599BD-30B1-42C9-8447-9BA3A7E4FE64}.ReleaseKopiLua|x86.ActiveCfg = Release|Win32
		{021599BD-30B1-42C9-8447-9BA3A7E4FE64}.ReleaseKopiLua|x86.Build.0 = Release|Win32
		{0E614277-8E9B-47D1-A7F8-C20E4E8EA088}.Debug|Any CPU.ActiveCfg = Debug|Win32
		{0E614277-8E9B-47D1-A7F8-C20E4E8EA088}.Debug|ARM.ActiveCfg = Debug|Win32
		{0E614277-8E9B-47D1-A7F8-C20E4E8EA088}.Debug|x64.ActiveCfg = Debug|x64
		{0E614277-8E9B-47D1-A7F8-C20E4E8EA088}.Debug|x64.Build.0 = Debug|x64
		{0E614277-8E9B-47D1-A7F8-C20E4E8EA088}.Debug|x86.ActiveCfg = Debug|Win32
		{0E614277-8E9B-47D1-A7F8-C20E4E8EA088}.Debug|x86.Build.0 = Debug|Win32
		{0E614277-8E9B-47D1-A7F8-C20E4E8EA088}.DebugKopiLua|Any CPU.ActiveCfg = Release|x64
		{0E614277-8E9B-47D1-A7F8-C20E4E8EA088}.DebugKopiLua|Any CPU.Build.0 = Release|x64
		{0E614277-8E9B-47D1-A7F8-C20E4E8EA088}.DebugKopiLua|ARM.ActiveCfg = Release|Win32
		{0E614277-8E9B-47D1-A7F8-C20E4E8EA088}.DebugKopiLua|ARM.Build.0 = Release|Win32
		{0E614277-8E9B-47D1-A7F8-C20E4E8EA088}.DebugKopiLua|x64.ActiveCfg = Debug|x64
		{0E614277-8E9B-47D1-A7F8-C20E4E8EA088}.DebugKopiLua|x64.Build.0 = Debug|x64
		{0E614277-8E9B-47D1-A7F8-C20E4E8EA088}.DebugKopiLua|x86.ActiveCfg = Debug|Win32
		{0E614277-8E9B-47D1-A7F8-C20E4E8EA088}.DebugKopiLua|x86.Build.0 = Debug|Win32
		{0E614277-8E9B-47D1-A7F8-C20E4E8EA088}.Release|Any CPU.ActiveCfg = Release|Win32
		{0E614277-8E9B-47D1-A7F8-C20E4E8EA088}.Release|ARM.ActiveCfg = Release|Win32
		{0E614277-8E9B-47D1-A7F8-C20E4E8EA088}.Release|x64.ActiveCfg = Release|x64
		{0E614277-8E9B-47D1-A7F8-C20E4E8EA088}.Release|x64.Build.0 = Release|x64
		{0E614277-8E9B-47D1-A7F8-C20E4E8EA088}.Release|x86.ActiveCfg = Release|Win32
		{0E614277-8E9B-47D1-A7F8-C20E4E8EA088}.Release|x86.Build.0 = Release|Win32
		{0E614277-8E9B-47D1-A7F8-C20E4E8EA088}.ReleaseKopiLua|Any CPU.ActiveCfg = Release|x64
		{0E614277-8E9B-47D1-A7F8-C20E4E8EA088}.ReleaseKopiLua|Any CPU.Build.0 = Release|x64
		{0E614277-8E9B-47D1-A7F8-C20E4E8EA088}.ReleaseKopiLua|ARM.ActiveCfg = Release|Win32
		{0E614277-8E9B-47D1-A7F8-C20E4E8EA088}.ReleaseKopiLua|ARM.Build.0 = Release|Win32
		{0E614277-8E9B-47D1-A7F8-C20E4E8EA088}.ReleaseKopiLua|x64.ActiveCfg = Release|x64
		{0E614277-8E9B-47D1-A7F8-C20E4E8EA088}.ReleaseKopiLua|x64.Build.0 = Release|x64
		{0E614277-8E9B-47D1-A7F8-C20E4E8EA088}.ReleaseKopiLua|x86.ActiveCfg = Release|Win32
		{0E614277-8E9B-47D1-A7F8-C20E4E8EA088}.ReleaseKopiLua|x86.Build.0 = Release|Win32
		{E2F60585-5C8C-444C-BA8D-0703241BE4C0}.Debug|Any CPU.ActiveCfg = Debug|Win32
		{E2F60585-5C8C-444C-BA8D-0703241BE4C0}.Debug|ARM.ActiveCfg = Debug|Win32
		{E2F60585-5C8C-444C-BA8D-0703241BE4C0}.Debug|x64.ActiveCfg = Debug|x64
		{E2F60585-5C8C-444C-BA8D-0703241BE4C0}.Debug|x64.Build.0 = Debug|x64
		{E2F60585-5C8C-444C-BA8D-0703241BE4C0}.Debug|x86.ActiveCfg = Debug|Win32
		{E2F60585-5C8C-444C-BA8D-0703241BE4C0}.Debug|x86.Build.0 = Debug|Win32
		{E2F60585-5C8C-444C-BA8D-0703241BE4C0}.DebugKopiLua|Any CPU.ActiveCfg = Release|x64
		{E2F60585-5C8C-444C-BA8D-0703241BE4C0}.DebugKopiLua|Any CPU.Build.0 = Release|x64
		{E2F60585-5C8C-444C-BA8D-0703241BE4C0}.DebugKopiLua|ARM.ActiveCfg = Release|Win32
		{E2F60585-5C8C-444C-BA8D-0703241BE4C0}.DebugKopiLua|ARM.Build.0 = Release|Win32
		{E2F60585-5C8C-444C-BA8D-0703241BE4C0}.DebugKopiLua|x64.ActiveCfg = Debug|x64
		{E2F60585-5C8C-444C-BA8D-0703241BE4C0}.DebugKopiLua|x64.Build.0 = Debug|x64
		{E2F60585-5C8C-444C-BA8D-0703241BE4C0}.DebugKopiLua|x86.ActiveCfg = Debug|Win32
		{E2F60585-5C8C-444C-BA8D-0703241BE4C0}.DebugKopiLua|x86.Build.0 = Debug|Win32
		{E2F60585-5C8C-444C-BA8D-0703241BE4C0}.Release|Any CPU.ActiveCfg = Release|Win32
		{E2F60585-5C8C-444C-BA8D-0703241BE4C0}.Release|ARM.ActiveCfg = Release|Win32
		{E2F60585-5C8C-444C-BA8D-0703241BE4C0}.Release|x64.ActiveCfg = Release|x64
		{E2F60585-5C8C-444C-BA8D-0703241BE4C0}.Release|x64.Build.0 = Release|x64
		{E2F60585-5C8C-444C-BA8D-0703241BE4C0}.Release|x86.ActiveCfg = Release|Win32
		{E2F60585-5C8C-444C-BA8D-0703241BE4C0}.Release|x86.Build.0 = Release|Win32
		{E2F60585-5C8C-444C-BA8D-0703241BE4C0}.ReleaseKopiLua|Any CPU.ActiveCfg = Release|x64
		{E2F60585-5C8C-444C-BA8D-0703241BE4C0}.ReleaseKopiLua|Any CPU.Build.0 = Release|x64
		{E2F60585-5C8C-444C-BA8D-0703241BE4C0}.ReleaseKopiLua|ARM.ActiveCfg = Release|Win32
		{E2F60585-5C8C-444C-BA8D-0703241BE4C0}.ReleaseKopiLua|ARM.Build.0 = Release|Win32
		{E2F60585-5C8C-444C-BA8D-0703241BE4C0}.ReleaseKopiLua|x64.ActiveCfg = Release|x64
		{E2F60585-5C8C-444C-BA8D-0703241BE4C0}.ReleaseKopiLua|x64.Build.0 = Release|x64
		{E2F60585-5C8C-444C-BA8D-0703241BE4C0}.ReleaseKopiLua|x86.ActiveCfg = Release|Win32
		{E2F60585-5C8C-444C-BA8D-0703241BE4C0}.ReleaseKopiLua|x86.Build.0 = Release|Win32
		{4301BD5B-8FFF-4E08-A652-802FCF4FB9E0}.Debug|Any CPU.ActiveCfg = Debug|Win32
		{4301BD5B-8FFF-4E08-A652-802FCF4FB9E0}.Debug|ARM.ActiveCfg = Debug|Win32
		{4301BD5B-8FFF-4E08-A652-802FCF4FB9E0}.Debug|x64.ActiveCfg = Debug|x64
		{4301BD5B-8FFF-4E08-A652-802FCF4FB9E0}.Debug|x64.Build.0 = Debug|x64
		{4301BD5B-8FFF-4E08-A652-802FCF4FB9E0}.Debug|x86.ActiveCfg = Debug|Win32
		{4301BD5B-8FFF-4E08-A652-802FCF4FB9E0}.Debug|x86.Build.0 = Debug|Win32
		{4301BD5B-8FFF-4E08-A652-802FCF4FB9E0}.DebugKopiLua|Any CPU.ActiveCfg = Release|x64
		{4301BD5B-8FFF-4E08-A652-802FCF4FB9E0}.DebugKopiLua|Any CPU.Build.0 = Release|x64
		{4301BD5B-8FFF-4E08-A652-802FCF4FB9E0}.DebugKopiLua|ARM.ActiveCfg = Release|Win32
		{4301BD5B-8FFF-4E08-A652-802FCF4FB9E0}.DebugKopiLua|ARM.Build.0 = Release|Win32
		{4301BD5B-8FFF-4E08-A652-802FCF4FB9E0}.DebugKopiLua|x64.ActiveCfg = Debug|x64
		{4301BD5B-8FFF-4E08-A652-802FCF4FB9E0}.DebugKopiLua|x64.Build.0 = Debug|x64
		{4301BD5B-8FFF-4E08-A652-802FCF4FB9E0}.DebugKopiLua|x86.ActiveCfg = Debug|Win32
		{4301BD5B-8FFF-4E08-A652-802FCF4FB9E0}.DebugKopiLua|x86.Build.0 = Debug|Win32
		{4301BD5B-8FFF-4E08-A652-802FCF4FB9E0}.Release|Any CPU.ActiveCfg = Release|Win32
		{4301BD5B-8FFF-4E08-A652-802FCF4FB9E0}.Release|ARM.ActiveCfg = Release|Win32
		{4301BD5B-8FFF-4E08-A652-802FCF4FB9E0}.Release|x64.ActiveCfg = Release|x64
		{4301BD5B-8FFF-4E08-A652-802FCF4FB9E0}.Release|x64.Build.0 = Release|x64
		{4301BD5B-8FFF-4E08-A652-802FCF4FB9E0}.Release|x86.ActiveCfg = Release|Win32
		{4301BD5B-8FFF-4E08-A652-802FCF4FB9E0}.Release|x86.Build.0 = Release|Win32
		{4301BD5B-8FFF-4E08-A652-802FCF4FB9E0}.ReleaseKopiLua|Any CPU.ActiveCfg = Release|x64
		{4301BD5B-8FFF-4E08-A652-802FCF4FB9E0}.ReleaseKopiLua|Any CPU.Build.0 = Release|x64
		{4301BD5B-8FFF-4E08-A652-802FCF4FB9E0}.ReleaseKopiLua|ARM.ActiveCfg = Release|Win32
		{4301BD5B-8FFF-4E08-A652-802FCF4FB9E0}.ReleaseKopiLua|ARM.Build.0 = Release|Win32
		{4301BD5B-8FFF-4E08-A652-802FCF4FB9E0}.ReleaseKopiLua|x64.ActiveCfg = Release|x64
		{4301BD5B-8FFF-4E08-A652-802FCF4FB9E0}.ReleaseKopiLua|x64.Build.0 = Release|x64
		{4301BD5B-8FFF-4E08-A652-802FCF4FB9E0}.ReleaseKopiLua|x86.ActiveCfg = Release|Win32
		{4301BD5B-8FFF-4E08-A652-802FCF4FB9E0}.ReleaseKopiLua|x86.Build.0 = Release|Win32
		{CCD547B6-ECDE-40DD-9C08-B4A705AD7C21}.Debug|Any CPU.ActiveCfg = Debug|x86
		{CCD547B6-ECDE-40DD-9C08-B4A705AD7C21}.Debug|ARM.ActiveCfg = Debug|ARM
		{CCD547B6-ECDE-40DD-9C08-B4A705AD7C21}.Debug|ARM.Build.0 = Debug|ARM
		{CCD547B6-ECDE-40DD-9C08-B4A705AD7C21}.Debug|x64.ActiveCfg = Debug|x64
		{CCD547B6-ECDE-40DD-9C08-B4A705AD7C21}.Debug|x64.Build.0 = Debug|x64
		{CCD547B6-ECDE-40DD-9C08-B4A705AD7C21}.Debug|x86.ActiveCfg = Debug|x86
		{CCD547B6-ECDE-40DD-9C08-B4A705AD7C21}.Debug|x86.Build.0 = Debug|x86
		{CCD547B6-ECDE-40DD-9C08-B4A705AD7C21}.DebugKopiLua|Any CPU.ActiveCfg = Release|x86
		{CCD547B6-ECDE-40DD-9C08-B4A705AD7C21}.DebugKopiLua|Any CPU.Build.0 = Release|x86
		{CCD547B6-ECDE-40DD-9C08-B4A705AD7C21}.DebugKopiLua|ARM.ActiveCfg = Debug|ARM
		{CCD547B6-ECDE-40DD-9C08-B4A705AD7C21}.DebugKopiLua|ARM.Build.0 = Debug|ARM
		{CCD547B6-ECDE-40DD-9C08-B4A705AD7C21}.DebugKopiLua|x64.ActiveCfg = Debug|x64
		{CCD547B6-ECDE-40DD-9C08-B4A705AD7C21}.DebugKopiLua|x64.Build.0 = Debug|x64
		{CCD547B6-ECDE-40DD-9C08-B4A705AD7C21}.DebugKopiLua|x86.ActiveCfg = Debug|x86
		{CCD547B6-ECDE-40DD-9C08-B4A705AD7C21}.DebugKopiLua|x86.Build.0 = Debug|x86
		{CCD547B6-ECDE-40DD-9C08-B4A705AD7C21}.Release|Any CPU.ActiveCfg = Release|x86
		{CCD547B6-ECDE-40DD-9C08-B4A705AD7C21}.Release|ARM.ActiveCfg = Release|ARM
		{CCD547B6-ECDE-40DD-9C08-B4A705AD7C21}.Release|ARM.Build.0 = Release|ARM
		{CCD547B6-ECDE-40DD-9C08-B4A705AD7C21}.Release|x64.ActiveCfg = Release|x64
		{CCD547B6-ECDE-40DD-9C08-B4A705AD7C21}.Release|x64.Build.0 = Release|x64
		{CCD547B6-ECDE-40DD-9C08-B4A705AD7C21}.Release|x86.ActiveCfg = Release|x86
		{CCD547B6-ECDE-40DD-9C08-B4A705AD7C21}.Release|x86.Build.0 = Release|x86
		{CCD547B6-ECDE-40DD-9C08-B4A705AD7C21}.ReleaseKopiLua|Any CPU.ActiveCfg = Release|x86
		{CCD547B6-ECDE-40DD-9C08-B4A705AD7C21}.ReleaseKopiLua|Any CPU.Build.0 = Release|x86
		{CCD547B6-ECDE-40DD-9C08-B4A705AD7C21}.ReleaseKopiLua|ARM.ActiveCfg = Release|ARM
		{CCD547B6-ECDE-40DD-9C08-B4A705AD7C21}.ReleaseKopiLua|ARM.Build.0 = Release|ARM
		{CCD547B6-ECDE-40DD-9C08-B4A705AD7C21}.ReleaseKopiLua|x64.ActiveCfg = Release|x64
		{CCD547B6-ECDE-40DD-9C08-B4A705AD7C21}.ReleaseKopiLua|x64.Build.0 = Release|x64
		{CCD547B6-ECDE-40DD-9C08-B4A705AD7C21}.ReleaseKopiLua|x86.ActiveCfg = Release|x86
		{CCD547B6-ECDE-40DD-9C08-B4A705AD7C21}.ReleaseKopiLua|x86.Build.0 = Release|x86
		{63F62FA2-0A2A-4D89-86AA-213A9C25E09E}.Debug|Any CPU.ActiveCfg = Debug|Any CPU
		{63F62FA2-0A2A-4D89-86AA-213A9C25E09E}.Debug|Any CPU.Build.0 = Debug|Any CPU
		{63F62FA2-0A2A-4D89-86AA-213A9C25E09E}.Debug|ARM.ActiveCfg = Debug|Any CPU
		{63F62FA2-0A2A-4D89-86AA-213A9C25E09E}.Debug|ARM.Build.0 = Debug|Any CPU
		{63F62FA2-0A2A-4D89-86AA-213A9C25E09E}.Debug|x64.ActiveCfg = Debug|Any CPU
		{63F62FA2-0A2A-4D89-86AA-213A9C25E09E}.Debug|x64.Build.0 = Debug|Any CPU
		{63F62FA2-0A2A-4D89-86AA-213A9C25E09E}.Debug|x86.ActiveCfg = Debug|Any CPU
		{63F62FA2-0A2A-4D89-86AA-213A9C25E09E}.Debug|x86.Build.0 = Debug|Any CPU
		{63F62FA2-0A2A-4D89-86AA-213A9C25E09E}.DebugKopiLua|Any CPU.ActiveCfg = Debug|Any CPU
		{63F62FA2-0A2A-4D89-86AA-213A9C25E09E}.DebugKopiLua|Any CPU.Build.0 = Debug|Any CPU
		{63F62FA2-0A2A-4D89-86AA-213A9C25E09E}.DebugKopiLua|ARM.ActiveCfg = Debug|Any CPU
		{63F62FA2-0A2A-4D89-86AA-213A9C25E09E}.DebugKopiLua|ARM.Build.0 = Debug|Any CPU
		{63F62FA2-0A2A-4D89-86AA-213A9C25E09E}.DebugKopiLua|x64.ActiveCfg = Debug|Any CPU
		{63F62FA2-0A2A-4D89-86AA-213A9C25E09E}.DebugKopiLua|x64.Build.0 = Debug|Any CPU
		{63F62FA2-0A2A-4D89-86AA-213A9C25E09E}.DebugKopiLua|x86.ActiveCfg = Debug|Any CPU
		{63F62FA2-0A2A-4D89-86AA-213A9C25E09E}.DebugKopiLua|x86.Build.0 = Debug|Any CPU
		{63F62FA2-0A2A-4D89-86AA-213A9C25E09E}.Release|Any CPU.ActiveCfg = Release|Any CPU
		{63F62FA2-0A2A-4D89-86AA-213A9C25E09E}.Release|Any CPU.Build.0 = Release|Any CPU
		{63F62FA2-0A2A-4D89-86AA-213A9C25E09E}.Release|ARM.ActiveCfg = Release|Any CPU
		{63F62FA2-0A2A-4D89-86AA-213A9C25E09E}.Release|ARM.Build.0 = Release|Any CPU
		{63F62FA2-0A2A-4D89-86AA-213A9C25E09E}.Release|x64.ActiveCfg = Release|Any CPU
		{63F62FA2-0A2A-4D89-86AA-213A9C25E09E}.Release|x64.Build.0 = Release|Any CPU
		{63F62FA2-0A2A-4D89-86AA-213A9C25E09E}.Release|x86.ActiveCfg = Release|Any CPU
		{63F62FA2-0A2A-4D89-86AA-213A9C25E09E}.Release|x86.Build.0 = Release|Any CPU
		{63F62FA2-0A2A-4D89-86AA-213A9C25E09E}.ReleaseKopiLua|Any CPU.ActiveCfg = Release|Any CPU
		{63F62FA2-0A2A-4D89-86AA-213A9C25E09E}.ReleaseKopiLua|Any CPU.Build.0 = Release|Any CPU
		{63F62FA2-0A2A-4D89-86AA-213A9C25E09E}.ReleaseKopiLua|ARM.ActiveCfg = Release|Any CPU
		{63F62FA2-0A2A-4D89-86AA-213A9C25E09E}.ReleaseKopiLua|ARM.Build.0 = Release|Any CPU
		{63F62FA2-0A2A-4D89-86AA-213A9C25E09E}.ReleaseKopiLua|x64.ActiveCfg = Release|Any CPU
		{63F62FA2-0A2A-4D89-86AA-213A9C25E09E}.ReleaseKopiLua|x64.Build.0 = Release|Any CPU
		{63F62FA2-0A2A-4D89-86AA-213A9C25E09E}.ReleaseKopiLua|x86.ActiveCfg = Release|Any CPU
		{63F62FA2-0A2A-4D89-86AA-213A9C25E09E}.ReleaseKopiLua|x86.Build.0 = Release|Any CPU
		{1D0006C9-0129-401B-B96D-E52023E32AB4}.Debug|Any CPU.ActiveCfg = Debug|Any CPU
		{1D0006C9-0129-401B-B96D-E52023E32AB4}.Debug|Any CPU.Build.0 = Debug|Any CPU
		{1D0006C9-0129-401B-B96D-E52023E32AB4}.Debug|ARM.ActiveCfg = Debug|Any CPU
		{1D0006C9-0129-401B-B96D-E52023E32AB4}.Debug|ARM.Build.0 = Debug|Any CPU
		{1D0006C9-0129-401B-B96D-E52023E32AB4}.Debug|x64.ActiveCfg = Debug|Any CPU
		{1D0006C9-0129-401B-B96D-E52023E32AB4}.Debug|x64.Build.0 = Debug|Any CPU
		{1D0006C9-0129-401B-B96D-E52023E32AB4}.Debug|x86.ActiveCfg = Debug|Any CPU
		{1D0006C9-0129-401B-B96D-E52023E32AB4}.Debug|x86.Build.0 = Debug|Any CPU
		{1D0006C9-0129-401B-B96D-E52023E32AB4}.DebugKopiLua|Any CPU.ActiveCfg = Debug|Any CPU
		{1D0006C9-0129-401B-B96D-E52023E32AB4}.DebugKopiLua|Any CPU.Build.0 = Debug|Any CPU
		{1D0006C9-0129-401B-B96D-E52023E32AB4}.DebugKopiLua|ARM.ActiveCfg = Debug|Any CPU
		{1D0006C9-0129-401B-B96D-E52023E32AB4}.DebugKopiLua|ARM.Build.0 = Debug|Any CPU
		{1D0006C9-0129-401B-B96D-E52023E32AB4}.DebugKopiLua|x64.ActiveCfg = Debug|Any CPU
		{1D0006C9-0129-401B-B96D-E52023E32AB4}.DebugKopiLua|x64.Build.0 = Debug|Any CPU
		{1D0006C9-0129-401B-B96D-E52023E32AB4}.DebugKopiLua|x86.ActiveCfg = Debug|Any CPU
		{1D0006C9-0129-401B-B96D-E52023E32AB4}.DebugKopiLua|x86.Build.0 = Debug|Any CPU
		{1D0006C9-0129-401B-B96D-E52023E32AB4}.Release|Any CPU.ActiveCfg = Release|Any CPU
		{1D0006C9-0129-401B-B96D-E52023E32AB4}.Release|Any CPU.Build.0 = Release|Any CPU
		{1D0006C9-0129-401B-B96D-E52023E32AB4}.Release|ARM.ActiveCfg = Release|Any CPU
		{1D0006C9-0129-401B-B96D-E52023E32AB4}.Release|ARM.Build.0 = Release|Any CPU
		{1D0006C9-0129-401B-B96D-E52023E32AB4}.Release|x64.ActiveCfg = Release|Any CPU
		{1D0006C9-0129-401B-B96D-E52023E32AB4}.Release|x64.Build.0 = Release|Any CPU
		{1D0006C9-0129-401B-B96D-E52023E32AB4}.Release|x86.ActiveCfg = Release|Any CPU
		{1D0006C9-0129-401B-B96D-E52023E32AB4}.Release|x86.Build.0 = Release|Any CPU
		{1D0006C9-0129-401B-B96D-E52023E32AB4}.ReleaseKopiLua|Any CPU.ActiveCfg = Release|Any CPU
		{1D0006C9-0129-401B-B96D-E52023E32AB4}.ReleaseKopiLua|Any CPU.Build.0 = Release|Any CPU
		{1D0006C9-0129-401B-B96D-E52023E32AB4}.ReleaseKopiLua|ARM.ActiveCfg = Release|Any CPU
		{1D0006C9-0129-401B-B96D-E52023E32AB4}.ReleaseKopiLua|ARM.Build.0 = Release|Any CPU
		{1D0006C9-0129-401B-B96D-E52023E32AB4}.ReleaseKopiLua|x64.ActiveCfg = Release|Any CPU
		{1D0006C9-0129-401B-B96D-E52023E32AB4}.ReleaseKopiLua|x64.Build.0 = Release|Any CPU
		{1D0006C9-0129-401B-B96D-E52023E32AB4}.ReleaseKopiLua|x86.ActiveCfg = Release|Any CPU
		{1D0006C9-0129-401B-B96D-E52023E32AB4}.ReleaseKopiLua|x86.Build.0 = Release|Any CPU
		{BF750DA4-6FC5-427E-A7B8-C305078C5D4C}.Debug|Any CPU.ActiveCfg = Debug|Any CPU
		{BF750DA4-6FC5-427E-A7B8-C305078C5D4C}.Debug|Any CPU.Build.0 = Debug|Any CPU
		{BF750DA4-6FC5-427E-A7B8-C305078C5D4C}.Debug|ARM.ActiveCfg = Debug|Any CPU
		{BF750DA4-6FC5-427E-A7B8-C305078C5D4C}.Debug|ARM.Build.0 = Debug|Any CPU
		{BF750DA4-6FC5-427E-A7B8-C305078C5D4C}.Debug|x64.ActiveCfg = Debug|Any CPU
		{BF750DA4-6FC5-427E-A7B8-C305078C5D4C}.Debug|x64.Build.0 = Debug|Any CPU
		{BF750DA4-6FC5-427E-A7B8-C305078C5D4C}.Debug|x86.ActiveCfg = Debug|Any CPU
		{BF750DA4-6FC5-427E-A7B8-C305078C5D4C}.Debug|x86.Build.0 = Debug|Any CPU
		{BF750DA4-6FC5-427E-A7B8-C305078C5D4C}.DebugKopiLua|Any CPU.ActiveCfg = Debug|Any CPU
		{BF750DA4-6FC5-427E-A7B8-C305078C5D4C}.DebugKopiLua|Any CPU.Build.0 = Debug|Any CPU
		{BF750DA4-6FC5-427E-A7B8-C305078C5D4C}.DebugKopiLua|ARM.ActiveCfg = Debug|Any CPU
		{BF750DA4-6FC5-427E-A7B8-C305078C5D4C}.DebugKopiLua|ARM.Build.0 = Debug|Any CPU
		{BF750DA4-6FC5-427E-A7B8-C305078C5D4C}.DebugKopiLua|x64.ActiveCfg = Debug|Any CPU
		{BF750DA4-6FC5-427E-A7B8-C305078C5D4C}.DebugKopiLua|x64.Build.0 = Debug|Any CPU
		{BF750DA4-6FC5-427E-A7B8-C305078C5D4C}.DebugKopiLua|x86.ActiveCfg = Debug|Any CPU
		{BF750DA4-6FC5-427E-A7B8-C305078C5D4C}.DebugKopiLua|x86.Build.0 = Debug|Any CPU
		{BF750DA4-6FC5-427E-A7B8-C305078C5D4C}.Release|Any CPU.ActiveCfg = Release|Any CPU
		{BF750DA4-6FC5-427E-A7B8-C305078C5D4C}.Release|Any CPU.Build.0 = Release|Any CPU
		{BF750DA4-6FC5-427E-A7B8-C305078C5D4C}.Release|ARM.ActiveCfg = Release|Any CPU
		{BF750DA4-6FC5-427E-A7B8-C305078C5D4C}.Release|ARM.Build.0 = Release|Any CPU
		{BF750DA4-6FC5-427E-A7B8-C305078C5D4C}.Release|x64.ActiveCfg = Release|Any CPU
		{BF750DA4-6FC5-427E-A7B8-C305078C5D4C}.Release|x64.Build.0 = Release|Any CPU
		{BF750DA4-6FC5-427E-A7B8-C305078C5D4C}.Release|x86.ActiveCfg = Release|Any CPU
		{BF750DA4-6FC5-427E-A7B8-C305078C5D4C}.Release|x86.Build.0 = Release|Any CPU
		{BF750DA4-6FC5-427E-A7B8-C305078C5D4C}.ReleaseKopiLua|Any CPU.ActiveCfg = Release|Any CPU
		{BF750DA4-6FC5-427E-A7B8-C305078C5D4C}.ReleaseKopiLua|Any CPU.Build.0 = Release|Any CPU
		{BF750DA4-6FC5-427E-A7B8-C305078C5D4C}.ReleaseKopiLua|ARM.ActiveCfg = Release|Any CPU
		{BF750DA4-6FC5-427E-A7B8-C305078C5D4C}.ReleaseKopiLua|ARM.Build.0 = Release|Any CPU
		{BF750DA4-6FC5-427E-A7B8-C305078C5D4C}.ReleaseKopiLua|x64.ActiveCfg = Release|Any CPU
		{BF750DA4-6FC5-427E-A7B8-C305078C5D4C}.ReleaseKopiLua|x64.Build.0 = Release|Any CPU
		{BF750DA4-6FC5-427E-A7B8-C305078C5D4C}.ReleaseKopiLua|x86.ActiveCfg = Release|Any CPU
		{BF750DA4-6FC5-427E-A7B8-C305078C5D4C}.ReleaseKopiLua|x86.Build.0 = Release|Any CPU
		{7E3C8621-3D3C-4FD5-9261-3CDFA9E2102A}.Debug|Any CPU.ActiveCfg = Debug|x86
		{7E3C8621-3D3C-4FD5-9261-3CDFA9E2102A}.Debug|ARM.ActiveCfg = Debug|ARM
		{7E3C8621-3D3C-4FD5-9261-3CDFA9E2102A}.Debug|ARM.Build.0 = Debug|ARM
		{7E3C8621-3D3C-4FD5-9261-3CDFA9E2102A}.Debug|x64.ActiveCfg = Debug|x64
		{7E3C8621-3D3C-4FD5-9261-3CDFA9E2102A}.Debug|x64.Build.0 = Debug|x64
		{7E3C8621-3D3C-4FD5-9261-3CDFA9E2102A}.Debug|x86.ActiveCfg = Debug|x86
		{7E3C8621-3D3C-4FD5-9261-3CDFA9E2102A}.Debug|x86.Build.0 = Debug|x86
		{7E3C8621-3D3C-4FD5-9261-3CDFA9E2102A}.DebugKopiLua|Any CPU.ActiveCfg = Release|x86
		{7E3C8621-3D3C-4FD5-9261-3CDFA9E2102A}.DebugKopiLua|Any CPU.Build.0 = Release|x86
		{7E3C8621-3D3C-4FD5-9261-3CDFA9E2102A}.DebugKopiLua|ARM.ActiveCfg = Debug|ARM
		{7E3C8621-3D3C-4FD5-9261-3CDFA9E2102A}.DebugKopiLua|ARM.Build.0 = Debug|ARM
		{7E3C8621-3D3C-4FD5-9261-3CDFA9E2102A}.DebugKopiLua|x64.ActiveCfg = Debug|x64
		{7E3C8621-3D3C-4FD5-9261-3CDFA9E2102A}.DebugKopiLua|x64.Build.0 = Debug|x64
		{7E3C8621-3D3C-4FD5-9261-3CDFA9E2102A}.DebugKopiLua|x86.ActiveCfg = Debug|x86
		{7E3C8621-3D3C-4FD5-9261-3CDFA9E2102A}.DebugKopiLua|x86.Build.0 = Debug|x86
		{7E3C8621-3D3C-4FD5-9261-3CDFA9E2102A}.Release|Any CPU.ActiveCfg = Release|x86
		{7E3C8621-3D3C-4FD5-9261-3CDFA9E2102A}.Release|ARM.ActiveCfg = Release|ARM
		{7E3C8621-3D3C-4FD5-9261-3CDFA9E2102A}.Release|ARM.Build.0 = Release|ARM
		{7E3C8621-3D3C-4FD5-9261-3CDFA9E2102A}.Release|x64.ActiveCfg = Release|x64
		{7E3C8621-3D3C-4FD5-9261-3CDFA9E2102A}.Release|x64.Build.0 = Release|x64
		{7E3C8621-3D3C-4FD5-9261-3CDFA9E2102A}.Release|x86.ActiveCfg = Release|x86
		{7E3C8621-3D3C-4FD5-9261-3CDFA9E2102A}.Release|x86.Build.0 = Release|x86
		{7E3C8621-3D3C-4FD5-9261-3CDFA9E2102A}.ReleaseKopiLua|Any CPU.ActiveCfg = Release|x86
		{7E3C8621-3D3C-4FD5-9261-3CDFA9E2102A}.ReleaseKopiLua|Any CPU.Build.0 = Release|x86
		{7E3C8621-3D3C-4FD5-9261-3CDFA9E2102A}.ReleaseKopiLua|ARM.ActiveCfg = Release|ARM
		{7E3C8621-3D3C-4FD5-9261-3CDFA9E2102A}.ReleaseKopiLua|ARM.Build.0 = Release|ARM
		{7E3C8621-3D3C-4FD5-9261-3CDFA9E2102A}.ReleaseKopiLua|x64.ActiveCfg = Release|x64
		{7E3C8621-3D3C-4FD5-9261-3CDFA9E2102A}.ReleaseKopiLua|x64.Build.0 = Release|x64
		{7E3C8621-3D3C-4FD5-9261-3CDFA9E2102A}.ReleaseKopiLua|x86.ActiveCfg = Release|x86
		{7E3C8621-3D3C-4FD5-9261-3CDFA9E2102A}.ReleaseKopiLua|x86.Build.0 = Release|x86
	EndGlobalSection
	GlobalSection(SolutionProperties) = preSolution
		HideSolutionNode = FALSE
	EndGlobalSection
	GlobalSection(NestedProjects) = preSolution
		{050EE2EA-4A43-41B3-8BCE-E1E9A2C38004} = {C7948DAD-5DDA-4DB9-B6F4-AC184A6810D4}
		{021599BD-30B1-42C9-8447-9BA3A7E4FE64} = {C7948DAD-5DDA-4DB9-B6F4-AC184A6810D4}
		{4301BD5B-8FFF-4E08-A652-802FCF4FB9E0} = {C7948DAD-5DDA-4DB9-B6F4-AC184A6810D4}
		{63F62FA2-0A2A-4D89-86AA-213A9C25E09E} = {C7948DAD-5DDA-4DB9-B6F4-AC184A6810D4}
	EndGlobalSection
EndGlobal
