
Microsoft Visual Studio Solution File, Format Version 12.00
# Visual Studio 14
VisualStudioVersion = 14.0.24720.0
MinimumVisualStudioVersion = 10.0.40219.1
Project("{2150E333-8FDC-42A3-9474-1A3956D46DE8}") = "Test", "Test", "{C7948DAD-5DDA-4DB9-B6F4-AC184A6810D4}"
EndProject
Project("{8BC9CEB8-8B4A-11D0-8D11-00A0C91BC942}") = "LibTest", "Test\ServerTest\ServerTest.vcxproj", "{0FB5875E-B9C1-4E14-A408-850834FC1068}"
	ProjectSection(ProjectDependencies) = postProject
		{9004B66B-C2FA-499C-B4C7-3A986FA1EE60} = {9004B66B-C2FA-499C-B4C7-3A986FA1EE60}
	EndProjectSection
EndProject
Project("{8BC9CEB8-8B4A-11D0-8D11-00A0C91BC942}") = "FeedTheDogLib", "FeedTheDogLib\FeedTheDog.vcxproj", "{9004B66B-C2FA-499C-B4C7-3A986FA1EE60}"
	ProjectSection(ProjectDependencies) = postProject
		{F1ECC13A-E873-4394-B4D9-11EA3C9E8C19} = {F1ECC13A-E873-4394-B4D9-11EA3C9E8C19}
	EndProjectSection
EndProject
Project("{8BC9CEB8-8B4A-11D0-8D11-00A0C91BC942}") = "FtdTest", "Test\FtdTest\FtdTest.vcxproj", "{3F1C5B8E-3186-40F9-93C2-EA3AB11BFD4D}"
	ProjectSection(ProjectDependencies) = postProject
		{F1ECC13A-E873-4394-B4D9-11EA3C9E8C19} = {F1ECC13A-E873-4394-B4D9-11EA3C9E8C19}
		{9004B66B-C2FA-499C-B4C7-3A986FA1EE60} = {9004B66B-C2FA-499C-B4C7-3A986FA1EE60}
	EndProjectSection
EndProject
Project("{2150E333-8FDC-42A3-9474-1A3956D46DE8}") = "Lib", "Lib", "{E789BA94-9987-4C3D-89B3-EE3CC9B62588}"
EndProject
Project("{8BC9CEB8-8B4A-11D0-8D11-00A0C91BC942}") = "JsonCpp", "JsonCpp\JsonCpp.vcxproj", "{F1ECC13A-E873-4394-B4D9-11EA3C9E8C19}"
EndProject
Project("{2150E333-8FDC-42A3-9474-1A3956D46DE8}") = "Solution Items", "Solution Items", "{C5266C26-49F9-432D-826F-B548FCD15806}"
EndProject
Project("{2150E333-8FDC-42A3-9474-1A3956D46DE8}") = "Lua", "Lua", "{DAC4E016-BFC9-43CE-B925-773B006080C5}"
EndProject
Project("{FAE04EC0-301F-11D3-BF4B-00C04F79EFBC}") = "NLua.Net45", "Lua\NLua\NLua.Net45.csproj", "{F55CABBB-4108-4A39-94E1-581FD46DC021}"
EndProject
Project("{FAE04EC0-301F-11D3-BF4B-00C04F79EFBC}") = "KopiLua.Net45", "Lua\KopiLua\KopiLua\KopiLua.Net45.csproj", "{E8DDBC21-EF74-4ABA-9C49-BFC702BE25D8}"
EndProject
Project("{FAE04EC0-301F-11D3-BF4B-00C04F79EFBC}") = "LuaTest", "LuaTest\LuaTest.csproj", "{52C6C101-AE98-4FE6-8E5E-285753674695}"
EndProject
Project("{8BC9CEB8-8B4A-11D0-8D11-00A0C91BC942}") = "FtdLibTest", "Test\FtdLibTest\FtdLibTest.vcxproj", "{B5CCDAFB-4A2A-4E52-B412-45CB923B3A90}"
	ProjectSection(ProjectDependencies) = postProject
		{F1ECC13A-E873-4394-B4D9-11EA3C9E8C19} = {F1ECC13A-E873-4394-B4D9-11EA3C9E8C19}
		{9004B66B-C2FA-499C-B4C7-3A986FA1EE60} = {9004B66B-C2FA-499C-B4C7-3A986FA1EE60}
	EndProjectSection
EndProject
Global
	GlobalSection(Performance) = preSolution
		HasPerformanceSessions = true
	EndGlobalSection
	GlobalSection(SolutionConfigurationPlatforms) = preSolution
		Debug|Any CPU = Debug|Any CPU
		Debug|x64 = Debug|x64
		Debug|x86 = Debug|x86
		DebugKopiLua|Any CPU = DebugKopiLua|Any CPU
		DebugKopiLua|x64 = DebugKopiLua|x64
		DebugKopiLua|x86 = DebugKopiLua|x86
		Release|Any CPU = Release|Any CPU
		Release|x64 = Release|x64
		Release|x86 = Release|x86
		ReleaseKopiLua|Any CPU = ReleaseKopiLua|Any CPU
		ReleaseKopiLua|x64 = ReleaseKopiLua|x64
		ReleaseKopiLua|x86 = ReleaseKopiLua|x86
	EndGlobalSection
	GlobalSection(ProjectConfigurationPlatforms) = postSolution
		{0FB5875E-B9C1-4E14-A408-850834FC1068}.Debug|Any CPU.ActiveCfg = Debug|Win32
		{0FB5875E-B9C1-4E14-A408-850834FC1068}.Debug|x64.ActiveCfg = Debug|x64
		{0FB5875E-B9C1-4E14-A408-850834FC1068}.Debug|x64.Build.0 = Debug|x64
		{0FB5875E-B9C1-4E14-A408-850834FC1068}.Debug|x86.ActiveCfg = Debug|Win32
		{0FB5875E-B9C1-4E14-A408-850834FC1068}.Debug|x86.Build.0 = Debug|Win32
		{0FB5875E-B9C1-4E14-A408-850834FC1068}.DebugKopiLua|Any CPU.ActiveCfg = Release|x64
		{0FB5875E-B9C1-4E14-A408-850834FC1068}.DebugKopiLua|Any CPU.Build.0 = Release|x64
		{0FB5875E-B9C1-4E14-A408-850834FC1068}.DebugKopiLua|x64.ActiveCfg = Debug|x64
		{0FB5875E-B9C1-4E14-A408-850834FC1068}.DebugKopiLua|x64.Build.0 = Debug|x64
		{0FB5875E-B9C1-4E14-A408-850834FC1068}.DebugKopiLua|x86.ActiveCfg = Debug|Win32
		{0FB5875E-B9C1-4E14-A408-850834FC1068}.DebugKopiLua|x86.Build.0 = Debug|Win32
		{0FB5875E-B9C1-4E14-A408-850834FC1068}.Release|Any CPU.ActiveCfg = Release|Win32
		{0FB5875E-B9C1-4E14-A408-850834FC1068}.Release|x64.ActiveCfg = Release|x64
		{0FB5875E-B9C1-4E14-A408-850834FC1068}.Release|x64.Build.0 = Release|x64
		{0FB5875E-B9C1-4E14-A408-850834FC1068}.Release|x86.ActiveCfg = Release|Win32
		{0FB5875E-B9C1-4E14-A408-850834FC1068}.Release|x86.Build.0 = Release|Win32
		{0FB5875E-B9C1-4E14-A408-850834FC1068}.ReleaseKopiLua|Any CPU.ActiveCfg = Release|x64
		{0FB5875E-B9C1-4E14-A408-850834FC1068}.ReleaseKopiLua|Any CPU.Build.0 = Release|x64
		{0FB5875E-B9C1-4E14-A408-850834FC1068}.ReleaseKopiLua|x64.ActiveCfg = Release|x64
		{0FB5875E-B9C1-4E14-A408-850834FC1068}.ReleaseKopiLua|x64.Build.0 = Release|x64
		{0FB5875E-B9C1-4E14-A408-850834FC1068}.ReleaseKopiLua|x86.ActiveCfg = Release|Win32
		{0FB5875E-B9C1-4E14-A408-850834FC1068}.ReleaseKopiLua|x86.Build.0 = Release|Win32
		{9004B66B-C2FA-499C-B4C7-3A986FA1EE60}.Debug|Any CPU.ActiveCfg = Debug|Win32
		{9004B66B-C2FA-499C-B4C7-3A986FA1EE60}.Debug|x64.ActiveCfg = Debug|x64
		{9004B66B-C2FA-499C-B4C7-3A986FA1EE60}.Debug|x64.Build.0 = Debug|x64
		{9004B66B-C2FA-499C-B4C7-3A986FA1EE60}.Debug|x86.ActiveCfg = Debug|Win32
		{9004B66B-C2FA-499C-B4C7-3A986FA1EE60}.Debug|x86.Build.0 = Debug|Win32
		{9004B66B-C2FA-499C-B4C7-3A986FA1EE60}.DebugKopiLua|Any CPU.ActiveCfg = Release|x64
		{9004B66B-C2FA-499C-B4C7-3A986FA1EE60}.DebugKopiLua|Any CPU.Build.0 = Release|x64
		{9004B66B-C2FA-499C-B4C7-3A986FA1EE60}.DebugKopiLua|x64.ActiveCfg = Debug|x64
		{9004B66B-C2FA-499C-B4C7-3A986FA1EE60}.DebugKopiLua|x64.Build.0 = Debug|x64
		{9004B66B-C2FA-499C-B4C7-3A986FA1EE60}.DebugKopiLua|x86.ActiveCfg = Debug|Win32
		{9004B66B-C2FA-499C-B4C7-3A986FA1EE60}.DebugKopiLua|x86.Build.0 = Debug|Win32
		{9004B66B-C2FA-499C-B4C7-3A986FA1EE60}.Release|Any CPU.ActiveCfg = Release|Win32
		{9004B66B-C2FA-499C-B4C7-3A986FA1EE60}.Release|x64.ActiveCfg = Release|x64
		{9004B66B-C2FA-499C-B4C7-3A986FA1EE60}.Release|x64.Build.0 = Release|x64
		{9004B66B-C2FA-499C-B4C7-3A986FA1EE60}.Release|x86.ActiveCfg = Release|Win32
		{9004B66B-C2FA-499C-B4C7-3A986FA1EE60}.Release|x86.Build.0 = Release|Win32
		{9004B66B-C2FA-499C-B4C7-3A986FA1EE60}.ReleaseKopiLua|Any CPU.ActiveCfg = Release|x64
		{9004B66B-C2FA-499C-B4C7-3A986FA1EE60}.ReleaseKopiLua|Any CPU.Build.0 = Release|x64
		{9004B66B-C2FA-499C-B4C7-3A986FA1EE60}.ReleaseKopiLua|x64.ActiveCfg = Release|x64
		{9004B66B-C2FA-499C-B4C7-3A986FA1EE60}.ReleaseKopiLua|x64.Build.0 = Release|x64
		{9004B66B-C2FA-499C-B4C7-3A986FA1EE60}.ReleaseKopiLua|x86.ActiveCfg = Release|Win32
		{9004B66B-C2FA-499C-B4C7-3A986FA1EE60}.ReleaseKopiLua|x86.Build.0 = Release|Win32
		{3F1C5B8E-3186-40F9-93C2-EA3AB11BFD4D}.Debug|Any CPU.ActiveCfg = Debug|Win32
		{3F1C5B8E-3186-40F9-93C2-EA3AB11BFD4D}.Debug|x64.ActiveCfg = Debug|x64
		{3F1C5B8E-3186-40F9-93C2-EA3AB11BFD4D}.Debug|x64.Build.0 = Debug|x64
		{3F1C5B8E-3186-40F9-93C2-EA3AB11BFD4D}.Debug|x86.ActiveCfg = Debug|Win32
		{3F1C5B8E-3186-40F9-93C2-EA3AB11BFD4D}.Debug|x86.Build.0 = Debug|Win32
		{3F1C5B8E-3186-40F9-93C2-EA3AB11BFD4D}.DebugKopiLua|Any CPU.ActiveCfg = Release|x64
		{3F1C5B8E-3186-40F9-93C2-EA3AB11BFD4D}.DebugKopiLua|Any CPU.Build.0 = Release|x64
		{3F1C5B8E-3186-40F9-93C2-EA3AB11BFD4D}.DebugKopiLua|x64.ActiveCfg = Debug|x64
		{3F1C5B8E-3186-40F9-93C2-EA3AB11BFD4D}.DebugKopiLua|x64.Build.0 = Debug|x64
		{3F1C5B8E-3186-40F9-93C2-EA3AB11BFD4D}.DebugKopiLua|x86.ActiveCfg = Debug|Win32
		{3F1C5B8E-3186-40F9-93C2-EA3AB11BFD4D}.DebugKopiLua|x86.Build.0 = Debug|Win32
		{3F1C5B8E-3186-40F9-93C2-EA3AB11BFD4D}.Release|Any CPU.ActiveCfg = Release|Win32
		{3F1C5B8E-3186-40F9-93C2-EA3AB11BFD4D}.Release|x64.ActiveCfg = Release|x64
		{3F1C5B8E-3186-40F9-93C2-EA3AB11BFD4D}.Release|x64.Build.0 = Release|x64
		{3F1C5B8E-3186-40F9-93C2-EA3AB11BFD4D}.Release|x86.ActiveCfg = Release|Win32
		{3F1C5B8E-3186-40F9-93C2-EA3AB11BFD4D}.Release|x86.Build.0 = Release|Win32
		{3F1C5B8E-3186-40F9-93C2-EA3AB11BFD4D}.ReleaseKopiLua|Any CPU.ActiveCfg = Release|x64
		{3F1C5B8E-3186-40F9-93C2-EA3AB11BFD4D}.ReleaseKopiLua|Any CPU.Build.0 = Release|x64
		{3F1C5B8E-3186-40F9-93C2-EA3AB11BFD4D}.ReleaseKopiLua|x64.ActiveCfg = Release|x64
		{3F1C5B8E-3186-40F9-93C2-EA3AB11BFD4D}.ReleaseKopiLua|x64.Build.0 = Release|x64
		{3F1C5B8E-3186-40F9-93C2-EA3AB11BFD4D}.ReleaseKopiLua|x86.ActiveCfg = Release|Win32
		{3F1C5B8E-3186-40F9-93C2-EA3AB11BFD4D}.ReleaseKopiLua|x86.Build.0 = Release|Win32
		{F1ECC13A-E873-4394-B4D9-11EA3C9E8C19}.Debug|Any CPU.ActiveCfg = Debug|Win32
		{F1ECC13A-E873-4394-B4D9-11EA3C9E8C19}.Debug|x64.ActiveCfg = Debug|x64
		{F1ECC13A-E873-4394-B4D9-11EA3C9E8C19}.Debug|x64.Build.0 = Debug|x64
		{F1ECC13A-E873-4394-B4D9-11EA3C9E8C19}.Debug|x86.ActiveCfg = Debug|Win32
		{F1ECC13A-E873-4394-B4D9-11EA3C9E8C19}.Debug|x86.Build.0 = Debug|Win32
		{F1ECC13A-E873-4394-B4D9-11EA3C9E8C19}.DebugKopiLua|Any CPU.ActiveCfg = Release|x64
		{F1ECC13A-E873-4394-B4D9-11EA3C9E8C19}.DebugKopiLua|Any CPU.Build.0 = Release|x64
		{F1ECC13A-E873-4394-B4D9-11EA3C9E8C19}.DebugKopiLua|x64.ActiveCfg = Debug|x64
		{F1ECC13A-E873-4394-B4D9-11EA3C9E8C19}.DebugKopiLua|x64.Build.0 = Debug|x64
		{F1ECC13A-E873-4394-B4D9-11EA3C9E8C19}.DebugKopiLua|x86.ActiveCfg = Debug|Win32
		{F1ECC13A-E873-4394-B4D9-11EA3C9E8C19}.DebugKopiLua|x86.Build.0 = Debug|Win32
		{F1ECC13A-E873-4394-B4D9-11EA3C9E8C19}.Release|Any CPU.ActiveCfg = Release|Win32
		{F1ECC13A-E873-4394-B4D9-11EA3C9E8C19}.Release|x64.ActiveCfg = Release|x64
		{F1ECC13A-E873-4394-B4D9-11EA3C9E8C19}.Release|x64.Build.0 = Release|x64
		{F1ECC13A-E873-4394-B4D9-11EA3C9E8C19}.Release|x86.ActiveCfg = Release|Win32
		{F1ECC13A-E873-4394-B4D9-11EA3C9E8C19}.Release|x86.Build.0 = Release|Win32
		{F1ECC13A-E873-4394-B4D9-11EA3C9E8C19}.ReleaseKopiLua|Any CPU.ActiveCfg = Release|x64
		{F1ECC13A-E873-4394-B4D9-11EA3C9E8C19}.ReleaseKopiLua|Any CPU.Build.0 = Release|x64
		{F1ECC13A-E873-4394-B4D9-11EA3C9E8C19}.ReleaseKopiLua|x64.ActiveCfg = Release|x64
		{F1ECC13A-E873-4394-B4D9-11EA3C9E8C19}.ReleaseKopiLua|x64.Build.0 = Release|x64
		{F1ECC13A-E873-4394-B4D9-11EA3C9E8C19}.ReleaseKopiLua|x86.ActiveCfg = Release|Win32
		{F1ECC13A-E873-4394-B4D9-11EA3C9E8C19}.ReleaseKopiLua|x86.Build.0 = Release|Win32
		{F55CABBB-4108-4A39-94E1-581FD46DC021}.Debug|Any CPU.ActiveCfg = Debug|Any CPU
		{F55CABBB-4108-4A39-94E1-581FD46DC021}.Debug|Any CPU.Build.0 = Debug|Any CPU
		{F55CABBB-4108-4A39-94E1-581FD46DC021}.Debug|x64.ActiveCfg = Debug|Any CPU
		{F55CABBB-4108-4A39-94E1-581FD46DC021}.Debug|x64.Build.0 = Debug|Any CPU
		{F55CABBB-4108-4A39-94E1-581FD46DC021}.Debug|x86.ActiveCfg = Debug|Any CPU
		{F55CABBB-4108-4A39-94E1-581FD46DC021}.Debug|x86.Build.0 = Debug|Any CPU
		{F55CABBB-4108-4A39-94E1-581FD46DC021}.DebugKopiLua|Any CPU.ActiveCfg = DebugKopiLua|Any CPU
		{F55CABBB-4108-4A39-94E1-581FD46DC021}.DebugKopiLua|Any CPU.Build.0 = DebugKopiLua|Any CPU
		{F55CABBB-4108-4A39-94E1-581FD46DC021}.DebugKopiLua|x64.ActiveCfg = DebugKopiLua|Any CPU
		{F55CABBB-4108-4A39-94E1-581FD46DC021}.DebugKopiLua|x64.Build.0 = DebugKopiLua|Any CPU
		{F55CABBB-4108-4A39-94E1-581FD46DC021}.DebugKopiLua|x86.ActiveCfg = DebugKopiLua|Any CPU
		{F55CABBB-4108-4A39-94E1-581FD46DC021}.DebugKopiLua|x86.Build.0 = DebugKopiLua|Any CPU
		{F55CABBB-4108-4A39-94E1-581FD46DC021}.Release|Any CPU.ActiveCfg = Release|Any CPU
		{F55CABBB-4108-4A39-94E1-581FD46DC021}.Release|Any CPU.Build.0 = Release|Any CPU
		{F55CABBB-4108-4A39-94E1-581FD46DC021}.Release|x64.ActiveCfg = Release|Any CPU
		{F55CABBB-4108-4A39-94E1-581FD46DC021}.Release|x64.Build.0 = Release|Any CPU
		{F55CABBB-4108-4A39-94E1-581FD46DC021}.Release|x86.ActiveCfg = Release|Any CPU
		{F55CABBB-4108-4A39-94E1-581FD46DC021}.Release|x86.Build.0 = Release|Any CPU
		{F55CABBB-4108-4A39-94E1-581FD46DC021}.ReleaseKopiLua|Any CPU.ActiveCfg = ReleaseKopiLua|Any CPU
		{F55CABBB-4108-4A39-94E1-581FD46DC021}.ReleaseKopiLua|Any CPU.Build.0 = ReleaseKopiLua|Any CPU
		{F55CABBB-4108-4A39-94E1-581FD46DC021}.ReleaseKopiLua|x64.ActiveCfg = ReleaseKopiLua|Any CPU
		{F55CABBB-4108-4A39-94E1-581FD46DC021}.ReleaseKopiLua|x64.Build.0 = ReleaseKopiLua|Any CPU
		{F55CABBB-4108-4A39-94E1-581FD46DC021}.ReleaseKopiLua|x86.ActiveCfg = ReleaseKopiLua|Any CPU
		{F55CABBB-4108-4A39-94E1-581FD46DC021}.ReleaseKopiLua|x86.Build.0 = ReleaseKopiLua|Any CPU
		{E8DDBC21-EF74-4ABA-9C49-BFC702BE25D8}.Debug|Any CPU.ActiveCfg = Debug|Any CPU
		{E8DDBC21-EF74-4ABA-9C49-BFC702BE25D8}.Debug|Any CPU.Build.0 = Debug|Any CPU
		{E8DDBC21-EF74-4ABA-9C49-BFC702BE25D8}.Debug|x64.ActiveCfg = Debug|Any CPU
		{E8DDBC21-EF74-4ABA-9C49-BFC702BE25D8}.Debug|x64.Build.0 = Debug|Any CPU
		{E8DDBC21-EF74-4ABA-9C49-BFC702BE25D8}.Debug|x86.ActiveCfg = Debug|Any CPU
		{E8DDBC21-EF74-4ABA-9C49-BFC702BE25D8}.Debug|x86.Build.0 = Debug|Any CPU
		{E8DDBC21-EF74-4ABA-9C49-BFC702BE25D8}.DebugKopiLua|Any CPU.ActiveCfg = DebugKopiLua|Any CPU
		{E8DDBC21-EF74-4ABA-9C49-BFC702BE25D8}.DebugKopiLua|Any CPU.Build.0 = DebugKopiLua|Any CPU
		{E8DDBC21-EF74-4ABA-9C49-BFC702BE25D8}.DebugKopiLua|x64.ActiveCfg = DebugKopiLua|Any CPU
		{E8DDBC21-EF74-4ABA-9C49-BFC702BE25D8}.DebugKopiLua|x64.Build.0 = DebugKopiLua|Any CPU
		{E8DDBC21-EF74-4ABA-9C49-BFC702BE25D8}.DebugKopiLua|x86.ActiveCfg = DebugKopiLua|Any CPU
		{E8DDBC21-EF74-4ABA-9C49-BFC702BE25D8}.DebugKopiLua|x86.Build.0 = DebugKopiLua|Any CPU
		{E8DDBC21-EF74-4ABA-9C49-BFC702BE25D8}.Release|Any CPU.ActiveCfg = Release|Any CPU
		{E8DDBC21-EF74-4ABA-9C49-BFC702BE25D8}.Release|Any CPU.Build.0 = Release|Any CPU
		{E8DDBC21-EF74-4ABA-9C49-BFC702BE25D8}.Release|x64.ActiveCfg = Release|Any CPU
		{E8DDBC21-EF74-4ABA-9C49-BFC702BE25D8}.Release|x64.Build.0 = Release|Any CPU
		{E8DDBC21-EF74-4ABA-9C49-BFC702BE25D8}.Release|x86.ActiveCfg = Release|Any CPU
		{E8DDBC21-EF74-4ABA-9C49-BFC702BE25D8}.Release|x86.Build.0 = Release|Any CPU
		{E8DDBC21-EF74-4ABA-9C49-BFC702BE25D8}.ReleaseKopiLua|Any CPU.ActiveCfg = ReleaseKopiLua|Any CPU
		{E8DDBC21-EF74-4ABA-9C49-BFC702BE25D8}.ReleaseKopiLua|Any CPU.Build.0 = ReleaseKopiLua|Any CPU
		{E8DDBC21-EF74-4ABA-9C49-BFC702BE25D8}.ReleaseKopiLua|x64.ActiveCfg = ReleaseKopiLua|Any CPU
		{E8DDBC21-EF74-4ABA-9C49-BFC702BE25D8}.ReleaseKopiLua|x64.Build.0 = ReleaseKopiLua|Any CPU
		{E8DDBC21-EF74-4ABA-9C49-BFC702BE25D8}.ReleaseKopiLua|x86.ActiveCfg = ReleaseKopiLua|Any CPU
		{E8DDBC21-EF74-4ABA-9C49-BFC702BE25D8}.ReleaseKopiLua|x86.Build.0 = ReleaseKopiLua|Any CPU
		{52C6C101-AE98-4FE6-8E5E-285753674695}.Debug|Any CPU.ActiveCfg = Debug|Any CPU
		{52C6C101-AE98-4FE6-8E5E-285753674695}.Debug|Any CPU.Build.0 = Debug|Any CPU
		{52C6C101-AE98-4FE6-8E5E-285753674695}.Debug|x64.ActiveCfg = Debug|Any CPU
		{52C6C101-AE98-4FE6-8E5E-285753674695}.Debug|x64.Build.0 = Debug|Any CPU
		{52C6C101-AE98-4FE6-8E5E-285753674695}.Debug|x86.ActiveCfg = Debug|Any CPU
		{52C6C101-AE98-4FE6-8E5E-285753674695}.Debug|x86.Build.0 = Debug|Any CPU
		{52C6C101-AE98-4FE6-8E5E-285753674695}.DebugKopiLua|Any CPU.ActiveCfg = Debug|Any CPU
		{52C6C101-AE98-4FE6-8E5E-285753674695}.DebugKopiLua|Any CPU.Build.0 = Debug|Any CPU
		{52C6C101-AE98-4FE6-8E5E-285753674695}.DebugKopiLua|x64.ActiveCfg = Debug|Any CPU
		{52C6C101-AE98-4FE6-8E5E-285753674695}.DebugKopiLua|x64.Build.0 = Debug|Any CPU
		{52C6C101-AE98-4FE6-8E5E-285753674695}.DebugKopiLua|x86.ActiveCfg = Debug|Any CPU
		{52C6C101-AE98-4FE6-8E5E-285753674695}.DebugKopiLua|x86.Build.0 = Debug|Any CPU
		{52C6C101-AE98-4FE6-8E5E-285753674695}.Release|Any CPU.ActiveCfg = Release|Any CPU
		{52C6C101-AE98-4FE6-8E5E-285753674695}.Release|Any CPU.Build.0 = Release|Any CPU
		{52C6C101-AE98-4FE6-8E5E-285753674695}.Release|x64.ActiveCfg = Release|Any CPU
		{52C6C101-AE98-4FE6-8E5E-285753674695}.Release|x64.Build.0 = Release|Any CPU
		{52C6C101-AE98-4FE6-8E5E-285753674695}.Release|x86.ActiveCfg = Release|Any CPU
		{52C6C101-AE98-4FE6-8E5E-285753674695}.Release|x86.Build.0 = Release|Any CPU
		{52C6C101-AE98-4FE6-8E5E-285753674695}.ReleaseKopiLua|Any CPU.ActiveCfg = Release|Any CPU
		{52C6C101-AE98-4FE6-8E5E-285753674695}.ReleaseKopiLua|Any CPU.Build.0 = Release|Any CPU
		{52C6C101-AE98-4FE6-8E5E-285753674695}.ReleaseKopiLua|x64.ActiveCfg = Release|Any CPU
		{52C6C101-AE98-4FE6-8E5E-285753674695}.ReleaseKopiLua|x64.Build.0 = Release|Any CPU
		{52C6C101-AE98-4FE6-8E5E-285753674695}.ReleaseKopiLua|x86.ActiveCfg = Release|Any CPU
		{52C6C101-AE98-4FE6-8E5E-285753674695}.ReleaseKopiLua|x86.Build.0 = Release|Any CPU
		{B5CCDAFB-4A2A-4E52-B412-45CB923B3A90}.Debug|Any CPU.ActiveCfg = Debug|Win32
		{B5CCDAFB-4A2A-4E52-B412-45CB923B3A90}.Debug|x64.ActiveCfg = Debug|x64
		{B5CCDAFB-4A2A-4E52-B412-45CB923B3A90}.Debug|x64.Build.0 = Debug|x64
		{B5CCDAFB-4A2A-4E52-B412-45CB923B3A90}.Debug|x86.ActiveCfg = Debug|Win32
		{B5CCDAFB-4A2A-4E52-B412-45CB923B3A90}.Debug|x86.Build.0 = Debug|Win32
		{B5CCDAFB-4A2A-4E52-B412-45CB923B3A90}.DebugKopiLua|Any CPU.ActiveCfg = Release|x64
		{B5CCDAFB-4A2A-4E52-B412-45CB923B3A90}.DebugKopiLua|Any CPU.Build.0 = Release|x64
		{B5CCDAFB-4A2A-4E52-B412-45CB923B3A90}.DebugKopiLua|x64.ActiveCfg = Debug|x64
		{B5CCDAFB-4A2A-4E52-B412-45CB923B3A90}.DebugKopiLua|x64.Build.0 = Debug|x64
		{B5CCDAFB-4A2A-4E52-B412-45CB923B3A90}.DebugKopiLua|x86.ActiveCfg = Debug|Win32
		{B5CCDAFB-4A2A-4E52-B412-45CB923B3A90}.DebugKopiLua|x86.Build.0 = Debug|Win32
		{B5CCDAFB-4A2A-4E52-B412-45CB923B3A90}.Release|Any CPU.ActiveCfg = Release|Win32
		{B5CCDAFB-4A2A-4E52-B412-45CB923B3A90}.Release|x64.ActiveCfg = Release|x64
		{B5CCDAFB-4A2A-4E52-B412-45CB923B3A90}.Release|x64.Build.0 = Release|x64
		{B5CCDAFB-4A2A-4E52-B412-45CB923B3A90}.Release|x86.ActiveCfg = Release|Win32
		{B5CCDAFB-4A2A-4E52-B412-45CB923B3A90}.Release|x86.Build.0 = Release|Win32
		{B5CCDAFB-4A2A-4E52-B412-45CB923B3A90}.ReleaseKopiLua|Any CPU.ActiveCfg = Release|x64
		{B5CCDAFB-4A2A-4E52-B412-45CB923B3A90}.ReleaseKopiLua|Any CPU.Build.0 = Release|x64
		{B5CCDAFB-4A2A-4E52-B412-45CB923B3A90}.ReleaseKopiLua|x64.ActiveCfg = Release|x64
		{B5CCDAFB-4A2A-4E52-B412-45CB923B3A90}.ReleaseKopiLua|x64.Build.0 = Release|x64
		{B5CCDAFB-4A2A-4E52-B412-45CB923B3A90}.ReleaseKopiLua|x86.ActiveCfg = Release|Win32
		{B5CCDAFB-4A2A-4E52-B412-45CB923B3A90}.ReleaseKopiLua|x86.Build.0 = Release|Win32
	EndGlobalSection
	GlobalSection(SolutionProperties) = preSolution
		HideSolutionNode = FALSE
	EndGlobalSection
	GlobalSection(NestedProjects) = preSolution
		{0FB5875E-B9C1-4E14-A408-850834FC1068} = {C7948DAD-5DDA-4DB9-B6F4-AC184A6810D4}
		{3F1C5B8E-3186-40F9-93C2-EA3AB11BFD4D} = {C7948DAD-5DDA-4DB9-B6F4-AC184A6810D4}
		{F1ECC13A-E873-4394-B4D9-11EA3C9E8C19} = {E789BA94-9987-4C3D-89B3-EE3CC9B62588}
		{DAC4E016-BFC9-43CE-B925-773B006080C5} = {E789BA94-9987-4C3D-89B3-EE3CC9B62588}
		{F55CABBB-4108-4A39-94E1-581FD46DC021} = {DAC4E016-BFC9-43CE-B925-773B006080C5}
		{E8DDBC21-EF74-4ABA-9C49-BFC702BE25D8} = {DAC4E016-BFC9-43CE-B925-773B006080C5}
		{52C6C101-AE98-4FE6-8E5E-285753674695} = {C7948DAD-5DDA-4DB9-B6F4-AC184A6810D4}
		{B5CCDAFB-4A2A-4E52-B412-45CB923B3A90} = {C7948DAD-5DDA-4DB9-B6F4-AC184A6810D4}
	EndGlobalSection
EndGlobal
