<?xml version="1.0" encoding="utf-8"?>
<Project ToolsVersion="4.0" xmlns="http://schemas.microsoft.com/developer/msbuild/2003">
  <ItemGroup>
    <Filter Include="源文件">
      <UniqueIdentifier>{4FC737F1-C7A5-4376-A066-2A32D752A2FF}</UniqueIdentifier>
      <Extensions>cpp;c;cc;cxx;def;odl;idl;hpj;bat;asm;asmx</Extensions>
    </Filter>
    <Filter Include="头文件">
      <UniqueIdentifier>{93995380-89BD-4b04-88EB-625FBE52EBFB}</UniqueIdentifier>
      <Extensions>h;hh;hpp;hxx;hm;inl;inc;xsd</Extensions>
    </Filter>
    <Filter Include="资源文件">
      <UniqueIdentifier>{67DA6AB6-F800-4c08-8B7A-83BB121AAD01}</UniqueIdentifier>
      <Extensions>rc;ico;cur;bmp;dlg;rc2;rct;bin;rgs;gif;jpg;jpeg;jpe;resx;tiff;tif;png;wav;mfcribbon-ms</Extensions>
    </Filter>
    <Filter Include="Ai">
      <UniqueIdentifier>{f5621a00-5d03-44f0-803e-1f862f99f46f}</UniqueIdentifier>
    </Filter>
    <Filter Include="Ai\NeuralNetwork">
      <UniqueIdentifier>{f0cd1495-a805-4eea-a912-28e099c806df}</UniqueIdentifier>
    </Filter>
    <Filter Include="Ai\NeuralNetwork\Detail">
      <UniqueIdentifier>{65ca34b5-74ec-4c32-87aa-f88e2b435708}</UniqueIdentifier>
    </Filter>
    <Filter Include="Ai\NeuralNetwork\Detail\Interface">
      <UniqueIdentifier>{5fe2e7ff-9e9e-4236-b67d-85487e8229bc}</UniqueIdentifier>
    </Filter>
    <Filter Include="Ai\NeuralNetwork\Detail\Activation">
      <UniqueIdentifier>{a745ebea-47d4-4825-ad98-5a349bb726b2}</UniqueIdentifier>
    </Filter>
  </ItemGroup>
  <ItemGroup>
    <ClInclude Include="stdafx.h">
      <Filter>头文件</Filter>
    </ClInclude>
    <ClInclude Include="targetver.h">
      <Filter>头文件</Filter>
    </ClInclude>
    <ClInclude Include="LayerBase.h">
      <Filter>Ai\NeuralNetwork\Detail</Filter>
    </ClInclude>
    <ClInclude Include="NeuralNetwork.h">
      <Filter>Ai\NeuralNetwork</Filter>
    </ClInclude>
    <ClInclude Include="Neural.h">
      <Filter>Ai\NeuralNetwork\Detail</Filter>
    </ClInclude>
    <ClInclude Include="NeuralProxy.h">
      <Filter>Ai\NeuralNetwork\Detail</Filter>
    </ClInclude>
    <ClInclude Include="Define.h">
      <Filter>Ai\NeuralNetwork\Detail</Filter>
    </ClInclude>
    <ClInclude Include="SigmoidActivation.h">
      <Filter>Ai\NeuralNetwork\Detail\Activation</Filter>
    </ClInclude>
    <ClInclude Include="RandomLayerBuilder.h">
      <Filter>Ai\NeuralNetwork</Filter>
    </ClInclude>
    <ClInclude Include="Layer.h">
      <Filter>Ai\NeuralNetwork\Detail</Filter>
    </ClInclude>
    <ClInclude Include="ILayer.h">
      <Filter>Ai\NeuralNetwork\Detail\Interface</Filter>
    </ClInclude>
    <ClInclude Include="ILayerBuilder.h">
      <Filter>Ai\NeuralNetwork\Detail\Interface</Filter>
    </ClInclude>
    <ClInclude Include="INeuralProxy.h">
      <Filter>Ai\NeuralNetwork\Detail\Interface</Filter>
    </ClInclude>
    <ClInclude Include="ISample.h">
      <Filter>Ai\NeuralNetwork\Detail\Interface</Filter>
    </ClInclude>
    <ClInclude Include="DefaultLayer.h">
      <Filter>Ai\NeuralNetwork</Filter>
    </ClInclude>
    <ClInclude Include="ValueLayerBuilder.h">
      <Filter>Ai\NeuralNetwork</Filter>
    </ClInclude>
    <ClInclude Include="LinearActivation.h">
      <Filter>Ai\NeuralNetwork\Detail\Activation</Filter>
    </ClInclude>
    <ClInclude Include="SignActivation.h">
      <Filter>Ai\NeuralNetwork\Detail\Activation</Filter>
    </ClInclude>
    <ClInclude Include="TanhActivation.h">
      <Filter>Ai\NeuralNetwork\Detail\Activation</Filter>
    </ClInclude>
    <ClInclude Include="ReluActivation.h">
      <Filter>Ai\NeuralNetwork\Detail\Activation</Filter>
    </ClInclude>
    <ClInclude Include="BinaryStepActivation.h">
      <Filter>Ai\NeuralNetwork\Detail\Activation</Filter>
    </ClInclude>
    <ClInclude Include="INeuralNetwork.h">
      <Filter>Ai\NeuralNetwork\Detail\Interface</Filter>
    </ClInclude>
    <ClInclude Include="ITrainer.h">
      <Filter>Ai\NeuralNetwork\Detail\Interface</Filter>
    </ClInclude>
    <ClInclude Include="TrainerBase.h">
      <Filter>Ai\NeuralNetwork\Detail</Filter>
    </ClInclude>
    <ClInclude Include="Trainer.h">
      <Filter>Ai\NeuralNetwork</Filter>
    </ClInclude>
    <ClInclude Include="Sample.h">
      <Filter>Ai\NeuralNetwork</Filter>
    </ClInclude>
  </ItemGroup>
  <ItemGroup>
    <ClCompile Include="stdafx.cpp">
      <Filter>源文件</Filter>
    </ClCompile>
    <ClCompile Include="ValueLayerBuilder.cpp">
      <Filter>Ai\NeuralNetwork</Filter>
    </ClCompile>
    <ClCompile Include="Trainer.cpp">
      <Filter>Ai\NeuralNetwork</Filter>
    </ClCompile>
    <ClCompile Include="RandomLayerBuilder.cpp">
      <Filter>Ai\NeuralNetwork</Filter>
    </ClCompile>
    <ClCompile Include="NeuralNetwork.cpp">
      <Filter>Ai\NeuralNetwork</Filter>
    </ClCompile>
    <ClCompile Include="LayerBase.cpp">
      <Filter>Ai\NeuralNetwork\Detail</Filter>
    </ClCompile>
    <ClCompile Include="TrainerBase.cpp">
      <Filter>Ai\NeuralNetwork\Detail</Filter>
    </ClCompile>
  </ItemGroup>
</Project>