<?xml version="1.0" encoding="utf-8"?>
<Project ToolsVersion="4.0" xmlns="http://schemas.microsoft.com/developer/msbuild/2003">
  <ItemGroup>
    <ClCompile Include="stdafx.cpp" />
    <ClCompile Include="Config.cpp">
      <Filter>Config</Filter>
    </ClCompile>
    <ClCompile Include="ConsoleListener.cpp">
      <Filter>Trace\Listener</Filter>
    </ClCompile>
    <ClCompile Include="DebugListener.cpp">
      <Filter>Trace\Listener</Filter>
    </ClCompile>
    <ClCompile Include="FileListener.cpp">
      <Filter>Trace\Listener</Filter>
    </ClCompile>
    <ClCompile Include="ListenerBase.cpp">
      <Filter>Trace\Listener</Filter>
    </ClCompile>
    <ClCompile Include="TraceLevel.cpp">
      <Filter>Trace</Filter>
    </ClCompile>
    <ClCompile Include="ListenerFactory.cpp">
      <Filter>Trace\Listener</Filter>
    </ClCompile>
    <ClCompile Include="Rfc1928.cpp">
      <Filter>Service\Rfc1928</Filter>
    </ClCompile>
    <ClCompile Include="EchoService.cpp">
      <Filter>Service\Echo</Filter>
    </ClCompile>
    <ClCompile Include="Worker.cpp">
      <Filter>Service Manager\Worker</Filter>
    </ClCompile>
    <ClCompile Include="WorkerBase.cpp">
      <Filter>Service Manager\Worker</Filter>
    </ClCompile>
    <ClCompile Include="ServiceBase.cpp">
      <Filter>Service\ServiceBase</Filter>
    </ClCompile>
    <ClCompile Include="WorkerPool.cpp">
      <Filter>Service Manager\Worker</Filter>
    </ClCompile>
    <ClCompile Include="SpinLock.cpp">
      <Filter>Service Manager\Worker\SessionPool</Filter>
    </ClCompile>
  </ItemGroup>
  <ItemGroup>
    <ClInclude Include="stdafx.h" />
    <ClInclude Include="targetver.h" />
    <ClInclude Include="Core.h">
      <Filter>Service Manager</Filter>
    </ClInclude>
    <ClInclude Include="Worker.h">
      <Filter>Service Manager\Worker</Filter>
    </ClInclude>
    <ClInclude Include="SessionBase.h">
      <Filter>Service Manager\Worker\SessionPool</Filter>
    </ClInclude>
    <ClInclude Include="Session.h">
      <Filter>Service Manager\Worker\SessionPool</Filter>
    </ClInclude>
    <ClInclude Include="Config.h">
      <Filter>Config</Filter>
    </ClInclude>
    <ClInclude Include="WorkerBase.h">
      <Filter>Service Manager\Worker</Filter>
    </ClInclude>
    <ClInclude Include="ServiceBase.h">
      <Filter>Service\ServiceBase</Filter>
    </ClInclude>
    <ClInclude Include="ConsoleListener.h">
      <Filter>Trace\Listener</Filter>
    </ClInclude>
    <ClInclude Include="DebugListener.h">
      <Filter>Trace\Listener</Filter>
    </ClInclude>
    <ClInclude Include="FileListener.h">
      <Filter>Trace\Listener</Filter>
    </ClInclude>
    <ClInclude Include="ListenerBase.h">
      <Filter>Trace\Listener</Filter>
    </ClInclude>
    <ClInclude Include="TraceSource.h">
      <Filter>Trace</Filter>
    </ClInclude>
    <ClInclude Include="SessionPool.h">
      <Filter>Service Manager\Worker\SessionPool</Filter>
    </ClInclude>
    <ClInclude Include="ServiceManager.h">
      <Filter>Service Manager</Filter>
    </ClInclude>
    <ClInclude Include="TraceFormat.h">
      <Filter>Trace</Filter>
    </ClInclude>
    <ClInclude Include="TraceLevel.h">
      <Filter>Trace</Filter>
    </ClInclude>
    <ClInclude Include="TraceSourceImpl.h">
      <Filter>Trace</Filter>
    </ClInclude>
    <ClInclude Include="ListenerFactory.h">
      <Filter>Trace\Listener</Filter>
    </ClInclude>
    <ClInclude Include="Define.h">
      <Filter>Common</Filter>
    </ClInclude>
    <ClInclude Include="Common.h">
      <Filter>Common</Filter>
    </ClInclude>
    <ClInclude Include="TracePolicy.h">
      <Filter>Trace</Filter>
    </ClInclude>
    <ClInclude Include="SessionPoolPolicy.h">
      <Filter>Service Manager\Worker\SessionPool</Filter>
    </ClInclude>
    <ClInclude Include="SessionManager.h">
      <Filter>Service\ServiceBase</Filter>
    </ClInclude>
    <ClInclude Include="WorkerPool.h">
      <Filter>Service Manager\Worker</Filter>
    </ClInclude>
    <ClInclude Include="IAddon.h">
      <Filter>Interface</Filter>
    </ClInclude>
    <ClInclude Include="Rfc1928.h">
      <Filter>Service\Rfc1928</Filter>
    </ClInclude>
    <ClInclude Include="Rfc1928Def.h">
      <Filter>Service\Rfc1928</Filter>
    </ClInclude>
    <ClInclude Include="EchoService.h">
      <Filter>Service\Echo</Filter>
    </ClInclude>
    <ClInclude Include="IListener.h">
      <Filter>Trace\Listener</Filter>
    </ClInclude>
    <ClInclude Include="IService.h">
      <Filter>Service\ServiceBase</Filter>
    </ClInclude>
    <ClInclude Include="ITraceConfig.h">
      <Filter>Trace</Filter>
    </ClInclude>
    <ClInclude Include="SessionImpl.h">
      <Filter>Service Manager\Worker\SessionPool</Filter>
    </ClInclude>
    <ClInclude Include="SpinLock.h">
      <Filter>Service Manager\Worker\SessionPool</Filter>
    </ClInclude>
    <ClInclude Include="ServiceBaseImpl.h">
      <Filter>Service\ServiceBase</Filter>
    </ClInclude>
    <ClInclude Include="CorePolicy.h">
      <Filter>Service Manager</Filter>
    </ClInclude>
  </ItemGroup>
  <ItemGroup>
    <Text Include="ReadMe.txt" />
    <Text Include="!这部分应该分出去.txt">
      <Filter>Service</Filter>
    </Text>
  </ItemGroup>
  <ItemGroup>
    <Filter Include="Interface">
      <UniqueIdentifier>{c5ac5a81-5a4f-4ff9-a9b6-b9b7a521ff4b}</UniqueIdentifier>
    </Filter>
    <Filter Include="Service">
      <UniqueIdentifier>{de51c94b-dd74-43b0-bac1-208f72c334d5}</UniqueIdentifier>
    </Filter>
    <Filter Include="Service\ServiceBase">
      <UniqueIdentifier>{efd3f974-15e2-4913-80f2-70f06166ef1b}</UniqueIdentifier>
    </Filter>
    <Filter Include="Config">
      <UniqueIdentifier>{9c10a1a2-7680-4894-934e-6e8abce4f3ac}</UniqueIdentifier>
    </Filter>
    <Filter Include="Service Manager">
      <UniqueIdentifier>{9ddb68ea-5ad6-4213-b9d0-e7d7f9510ce1}</UniqueIdentifier>
    </Filter>
    <Filter Include="Trace">
      <UniqueIdentifier>{b9e8a6fb-c7ec-4321-a073-48736af2e30a}</UniqueIdentifier>
    </Filter>
    <Filter Include="Trace\Listener">
      <UniqueIdentifier>{52b7ee6e-ecf0-4496-b413-88f5d6c944e8}</UniqueIdentifier>
    </Filter>
    <Filter Include="Common">
      <UniqueIdentifier>{04ab5aa8-270a-47d7-a955-2cae8e638617}</UniqueIdentifier>
    </Filter>
    <Filter Include="Service Manager\Worker">
      <UniqueIdentifier>{d8450132-530c-4f30-95e3-c9e09fd492de}</UniqueIdentifier>
    </Filter>
    <Filter Include="Service Manager\Worker\SessionPool">
      <UniqueIdentifier>{f1d3e8d0-75b8-420e-8236-603794a11fe2}</UniqueIdentifier>
    </Filter>
    <Filter Include="Service\Rfc1928">
      <UniqueIdentifier>{47857798-b7e5-40ec-a29c-bd0f23a35768}</UniqueIdentifier>
    </Filter>
    <Filter Include="Service\Echo">
      <UniqueIdentifier>{29161188-4da2-4577-9e7c-3375d93a5561}</UniqueIdentifier>
    </Filter>
  </ItemGroup>
</Project>