<?xml version="1.0" encoding="utf-8"?>
<Project ToolsVersion="4.0" xmlns="http://schemas.microsoft.com/developer/msbuild/2003">
  <ItemGroup>
    <ClCompile Include="stdafx.cpp" />
    <ClCompile Include="Core.cpp">
      <Filter>Core</Filter>
    </ClCompile>
    <ClCompile Include="Worker.cpp">
      <Filter>Worker</Filter>
    </ClCompile>
    <ClCompile Include="EchoService.cpp">
      <Filter>Service</Filter>
    </ClCompile>
    <ClCompile Include="SessionBase.cpp">
      <Filter>SessionPool</Filter>
    </ClCompile>
    <ClCompile Include="Config.cpp">
      <Filter>Config</Filter>
    </ClCompile>
    <ClCompile Include="TraceSourceBase.cpp">
      <Filter>Config</Filter>
    </ClCompile>
    <ClCompile Include="ConsoleListener.cpp">
      <Filter>Listener</Filter>
    </ClCompile>
    <ClCompile Include="FileListener.cpp">
      <Filter>Listener</Filter>
    </ClCompile>
    <ClCompile Include="ListenerBase.cpp">
      <Filter>Listener</Filter>
    </ClCompile>
    <ClCompile Include="TraceSource.cpp">
      <Filter>Config</Filter>
    </ClCompile>
    <ClCompile Include="DebugListener.cpp">
      <Filter>Listener</Filter>
    </ClCompile>
    <ClCompile Include="TraceDefine.cpp">
      <Filter>Type</Filter>
    </ClCompile>
    <ClCompile Include="SessionPool.cpp">
      <Filter>SessionPool</Filter>
    </ClCompile>
    <ClCompile Include="Rfc1928.cpp">
      <Filter>Service</Filter>
    </ClCompile>
  </ItemGroup>
  <ItemGroup>
    <ClInclude Include="Common.h" />
    <ClInclude Include="stdafx.h" />
    <ClInclude Include="targetver.h" />
    <ClInclude Include="IEncryptor.h">
      <Filter>Interface</Filter>
    </ClInclude>
    <ClInclude Include="IService.h">
      <Filter>Interface</Filter>
    </ClInclude>
    <ClInclude Include="Trait.h">
      <Filter>Type</Filter>
    </ClInclude>
    <ClInclude Include="SessionPoolTrait.h">
      <Filter>Type</Filter>
    </ClInclude>
    <ClInclude Include="WorkerTrait.h">
      <Filter>Type</Filter>
    </ClInclude>
    <ClInclude Include="CoreTrait.h">
      <Filter>Type</Filter>
    </ClInclude>
    <ClInclude Include="Core.h">
      <Filter>Core</Filter>
    </ClInclude>
    <ClInclude Include="Worker.h">
      <Filter>Worker</Filter>
    </ClInclude>
    <ClInclude Include="EchoService.h">
      <Filter>Service</Filter>
    </ClInclude>
    <ClInclude Include="ServiceBase.h">
      <Filter>Service\ServiceBase</Filter>
    </ClInclude>
    <ClInclude Include="SessionBase.h">
      <Filter>SessionPool</Filter>
    </ClInclude>
    <ClInclude Include="Session.h">
      <Filter>SessionPool</Filter>
    </ClInclude>
    <ClInclude Include="SessionPool.h">
      <Filter>SessionPool</Filter>
    </ClInclude>
    <ClInclude Include="Config.h">
      <Filter>Config</Filter>
    </ClInclude>
    <ClInclude Include="TraceSource.h">
      <Filter>Config</Filter>
    </ClInclude>
    <ClInclude Include="IListener.h">
      <Filter>Interface</Filter>
    </ClInclude>
    <ClInclude Include="TraceSourceBase.h">
      <Filter>Config</Filter>
    </ClInclude>
    <ClInclude Include="ConsoleListener.h">
      <Filter>Listener</Filter>
    </ClInclude>
    <ClInclude Include="FileListener.h">
      <Filter>Listener</Filter>
    </ClInclude>
    <ClInclude Include="ListenerBase.h">
      <Filter>Listener</Filter>
    </ClInclude>
    <ClInclude Include="DebugListener.h">
      <Filter>Listener</Filter>
    </ClInclude>
    <ClInclude Include="TraceDefine.h">
      <Filter>Type</Filter>
    </ClInclude>
    <ClInclude Include="Rfc1928.h">
      <Filter>Service</Filter>
    </ClInclude>
  </ItemGroup>
  <ItemGroup>
    <Text Include="ReadMe.txt" />
  </ItemGroup>
  <ItemGroup>
    <Filter Include="Interface">
      <UniqueIdentifier>{c5ac5a81-5a4f-4ff9-a9b6-b9b7a521ff4b}</UniqueIdentifier>
    </Filter>
    <Filter Include="Core">
      <UniqueIdentifier>{9ddb68ea-5ad6-4213-b9d0-e7d7f9510ce1}</UniqueIdentifier>
    </Filter>
    <Filter Include="Worker">
      <UniqueIdentifier>{d8450132-530c-4f30-95e3-c9e09fd492de}</UniqueIdentifier>
    </Filter>
    <Filter Include="Service">
      <UniqueIdentifier>{de51c94b-dd74-43b0-bac1-208f72c334d5}</UniqueIdentifier>
    </Filter>
    <Filter Include="Service\ServiceBase">
      <UniqueIdentifier>{efd3f974-15e2-4913-80f2-70f06166ef1b}</UniqueIdentifier>
    </Filter>
    <Filter Include="SessionPool">
      <UniqueIdentifier>{f1d3e8d0-75b8-420e-8236-603794a11fe2}</UniqueIdentifier>
    </Filter>
    <Filter Include="Config">
      <UniqueIdentifier>{9c10a1a2-7680-4894-934e-6e8abce4f3ac}</UniqueIdentifier>
    </Filter>
    <Filter Include="Listener">
      <UniqueIdentifier>{b9e8a6fb-c7ec-4321-a073-48736af2e30a}</UniqueIdentifier>
    </Filter>
    <Filter Include="Type">
      <UniqueIdentifier>{04ab5aa8-270a-47d7-a955-2cae8e638617}</UniqueIdentifier>
    </Filter>
  </ItemGroup>
</Project>