<?xml version="1.0" encoding="utf-8"?>
<Project ToolsVersion="4.0" xmlns="http://schemas.microsoft.com/developer/msbuild/2003">
  <ItemGroup>
    <ClCompile Include="main.cpp" />
    <ClCompile Include="FDTaskCtlAttorney.cpp">
      <Filter>Attorney</Filter>
    </ClCompile>
    <ClCompile Include="GetLoopAttorney.cpp">
      <Filter>Attorney</Filter>
    </ClCompile>
    <ClCompile Include="EpollCpp.cpp">
      <Filter>Sys</Filter>
    </ClCompile>
    <ClCompile Include="SocketCpp.cpp">
      <Filter>Sys</Filter>
    </ClCompile>
    <ClCompile Include="EventFd.cpp">
      <Filter>Sys</Filter>
    </ClCompile>
    <ClCompile Include="EpollOption.cpp">
      <Filter>Sys</Filter>
    </ClCompile>
    <ClCompile Include="Block.cpp">
      <Filter>Buffer</Filter>
    </ClCompile>
    <ClCompile Include="BlockPool.cpp">
      <Filter>Buffer</Filter>
    </ClCompile>
    <ClCompile Include="Buffer.cpp">
      <Filter>Buffer</Filter>
    </ClCompile>
    <ClCompile Include="TcpAttachAttorney.cpp">
      <Filter>Attorney</Filter>
    </ClCompile>
    <ClCompile Include="RegisterTaskAttorney.cpp">
      <Filter>Attorney</Filter>
    </ClCompile>
    <ClCompile Include="GetWorkersAttorney.cpp">
      <Filter>Attorney</Filter>
    </ClCompile>
    <ClCompile Include="EventTaskBase.cpp">
      <Filter>Task</Filter>
    </ClCompile>
    <ClCompile Include="LoggerConfig.cpp">
      <Filter>Log</Filter>
    </ClCompile>
    <ClCompile Include="ProactorConnection.cpp">
      <Filter>Conn</Filter>
    </ClCompile>
    <ClCompile Include="TcpProactorConnection.cpp">
      <Filter>Conn</Filter>
    </ClCompile>
    <ClCompile Include="Worker.cpp">
      <Filter>Core</Filter>
    </ClCompile>
    <ClCompile Include="Loop.cpp">
      <Filter>Core</Filter>
    </ClCompile>
    <ClCompile Include="IoService.cpp">
      <Filter>Core</Filter>
    </ClCompile>
    <ClCompile Include="RunAttorney.cpp">
      <Filter>Attorney</Filter>
    </ClCompile>
    <ClCompile Include="TaskList.cpp">
      <Filter>Task</Filter>
    </ClCompile>
    <ClCompile Include="Util.cpp">
      <Filter>Util</Filter>
    </ClCompile>
    <ClCompile Include="Operator.cpp">
      <Filter>Conn</Filter>
    </ClCompile>
    <ClCompile Include="Progress.cpp">
      <Filter>Buffer</Filter>
    </ClCompile>
    <ClCompile Include="TcpOperator.cpp">
      <Filter>Conn</Filter>
    </ClCompile>
    <ClCompile Include="TcpServer.cpp">
      <Filter>Conn</Filter>
    </ClCompile>
  </ItemGroup>
  <ItemGroup>
    <ClInclude Include="FDTaskCtlAttorney.h">
      <Filter>Attorney</Filter>
    </ClInclude>
    <ClInclude Include="RunAttorney.h">
      <Filter>Attorney</Filter>
    </ClInclude>
    <ClInclude Include="GetLoopAttorney.h">
      <Filter>Attorney</Filter>
    </ClInclude>
    <ClInclude Include="EpollCpp.h">
      <Filter>Sys</Filter>
    </ClInclude>
    <ClInclude Include="SocketCpp.h">
      <Filter>Sys</Filter>
    </ClInclude>
    <ClInclude Include="EventFd.h">
      <Filter>Sys</Filter>
    </ClInclude>
    <ClInclude Include="EpollOption.h">
      <Filter>Sys</Filter>
    </ClInclude>
    <ClInclude Include="Block.h">
      <Filter>Buffer</Filter>
    </ClInclude>
    <ClInclude Include="BlockPool.h">
      <Filter>Buffer</Filter>
    </ClInclude>
    <ClInclude Include="Buffer.h">
      <Filter>Buffer</Filter>
    </ClInclude>
    <ClInclude Include="TcpAttachAttorney.h">
      <Filter>Attorney</Filter>
    </ClInclude>
    <ClInclude Include="RegisterTaskAttorney.h">
      <Filter>Attorney</Filter>
    </ClInclude>
    <ClInclude Include="GetWorkersAttorney.h">
      <Filter>Attorney</Filter>
    </ClInclude>
    <ClInclude Include="ITask.h">
      <Filter>Task</Filter>
    </ClInclude>
    <ClInclude Include="IFDTask.h">
      <Filter>Task</Filter>
    </ClInclude>
    <ClInclude Include="EventTaskBase.h">
      <Filter>Task</Filter>
    </ClInclude>
    <ClInclude Include="Task.h">
      <Filter>Task</Filter>
    </ClInclude>
    <ClInclude Include="LoggerConfig.h">
      <Filter>Log</Filter>
    </ClInclude>
    <ClInclude Include="Logger.h">
      <Filter>Log</Filter>
    </ClInclude>
    <ClInclude Include="Noncopyable.h">
      <Filter>Util</Filter>
    </ClInclude>
    <ClInclude Include="ProactorConnection.h">
      <Filter>Conn</Filter>
    </ClInclude>
    <ClInclude Include="TcpProactorConnection.h">
      <Filter>Conn</Filter>
    </ClInclude>
    <ClInclude Include="ObjectPool.h">
      <Filter>Buffer</Filter>
    </ClInclude>
    <ClInclude Include="Worker.h">
      <Filter>Core</Filter>
    </ClInclude>
    <ClInclude Include="Loop.h">
      <Filter>Core</Filter>
    </ClInclude>
    <ClInclude Include="IoService.h">
      <Filter>Core</Filter>
    </ClInclude>
    <ClInclude Include="TaskList.h">
      <Filter>Task</Filter>
    </ClInclude>
    <ClInclude Include="Util.h">
      <Filter>Util</Filter>
    </ClInclude>
    <ClInclude Include="BaseFromMember.h">
      <Filter>Util</Filter>
    </ClInclude>
    <ClInclude Include="Operator.h">
      <Filter>Buffer</Filter>
    </ClInclude>
    <ClInclude Include="GetSocketAttorney.h">
      <Filter>Attorney</Filter>
    </ClInclude>
    <ClInclude Include="TcpOperator.h">
      <Filter>Conn</Filter>
    </ClInclude>
    <ClInclude Include="Progress.h">
      <Filter>Buffer</Filter>
    </ClInclude>
    <ClInclude Include="TcpServer.h">
      <Filter>Conn</Filter>
    </ClInclude>
  </ItemGroup>
  <ItemGroup>
    <None Include=".cproject" />
    <None Include=".project" />
  </ItemGroup>
  <ItemGroup>
    <Filter Include="Attorney">
      <UniqueIdentifier>{5f626532-101d-43a0-b50d-e2290070f433}</UniqueIdentifier>
    </Filter>
    <Filter Include="Sys">
      <UniqueIdentifier>{146b3ea2-e43b-47e3-b8e4-6fb39b3bf1f5}</UniqueIdentifier>
    </Filter>
    <Filter Include="Buffer">
      <UniqueIdentifier>{60525365-0910-4156-a0be-594334b33948}</UniqueIdentifier>
    </Filter>
    <Filter Include="Task">
      <UniqueIdentifier>{461342a8-2455-4c59-927b-ef040208d725}</UniqueIdentifier>
    </Filter>
    <Filter Include="Log">
      <UniqueIdentifier>{ccb273b0-3396-4d75-afe1-9deab039568b}</UniqueIdentifier>
    </Filter>
    <Filter Include="Util">
      <UniqueIdentifier>{710a1bbc-aa55-4528-bb8b-472f89448534}</UniqueIdentifier>
    </Filter>
    <Filter Include="Conn">
      <UniqueIdentifier>{d84fdf11-3828-4f9b-a6e5-ec48cc343f70}</UniqueIdentifier>
    </Filter>
    <Filter Include="Core">
      <UniqueIdentifier>{b2bac3b6-d160-4bb7-98dd-4d13f60b2ba1}</UniqueIdentifier>
    </Filter>
  </ItemGroup>
</Project>